
Microsoft Visual Studio Solution File, Format Version 12.00
# Visual Studio 15
VisualStudioVersion = 15.0.27130.2020
MinimumVisualStudioVersion = 10.0.40219.1
Project("{8BC9CEB8-8B4A-11D0-8D11-00A0C91BC942}") = "qpid-proton-core", "proton\qpid-proton-core.vcxproj", "{0BDF7924-F6A0-36A6-A7E8-12B48CD9B51E}"
EndProject
Project("{8BC9CEB8-8B4A-11D0-8D11-00A0C91BC942}") = "amqp", "qpid-cpp\amqp.vcxproj", "{2F96213C-546E-39EE-993E-D423BD357A50}"
	ProjectSection(ProjectDependencies) = postProject
		{0BDF7924-F6A0-36A6-A7E8-12B48CD9B51E} = {0BDF7924-F6A0-36A6-A7E8-12B48CD9B51E}
	EndProjectSection
EndProject
Project("{8BC9CEB8-8B4A-11D0-8D11-00A0C91BC942}") = "qpidtypes", "qpid-cpp\qpidtypes.vcxproj", "{A2D3A57C-A4E1-3690-9351-4AB1D89F0330}"
EndProject
Project("{8BC9CEB8-8B4A-11D0-8D11-00A0C91BC942}") = "qpidcommon", "qpid-cpp\qpidcommon.vcxproj", "{770FAD14-E396-3350-BA48-2BF21CDAAA9D}"
EndProject
Global
	GlobalSection(SolutionConfigurationPlatforms) = preSolution
		Debug|x86 = Debug|x86
		Release|x86 = Release|x86
	EndGlobalSection
	GlobalSection(ProjectConfigurationPlatforms) = postSolution
		{0BDF7924-F6A0-36A6-A7E8-12B48CD9B51E}.Debug|x86.ActiveCfg = Debug|Win32
		{0BDF7924-F6A0-36A6-A7E8-12B48CD9B51E}.Debug|x86.Build.0 = Debug|Win32
		{0BDF7924-F6A0-36A6-A7E8-12B48CD9B51E}.Release|x86.ActiveCfg = Release|Win32
		{0BDF7924-F6A0-36A6-A7E8-12B48CD9B51E}.Release|x86.Build.0 = Release|Win32
		{2F96213C-546E-39EE-993E-D423BD357A50}.Debug|x86.ActiveCfg = Debug|Win32
		{2F96213C-546E-39EE-993E-D423BD357A50}.Debug|x86.Build.0 = Debug|Win32
		{2F96213C-546E-39EE-993E-D423BD357A50}.Release|x86.ActiveCfg = Release|Win32
		{2F96213C-546E-39EE-993E-D423BD357A50}.Release|x86.Build.0 = Release|Win32
		{A2D3A57C-A4E1-3690-9351-4AB1D89F0330}.Debug|x86.ActiveCfg = Debug|Win32
		{A2D3A57C-A4E1-3690-9351-4AB1D89F0330}.Debug|x86.Build.0 = Debug|Win32
		{A2D3A57C-A4E1-3690-9351-4AB1D89F0330}.Release|x86.ActiveCfg = Release|Win32
		{A2D3A57C-A4E1-3690-9351-4AB1D89F0330}.Release|x86.Build.0 = Release|Win32
		{770FAD14-E396-3350-BA48-2BF21CDAAA9D}.Debug|x86.ActiveCfg = Debug|Win32
		{770FAD14-E396-3350-BA48-2BF21CDAAA9D}.Debug|x86.Build.0 = Debug|Win32
		{770FAD14-E396-3350-BA48-2BF21CDAAA9D}.Release|x86.ActiveCfg = Release|Win32
		{770FAD14-E396-3350-BA48-2BF21CDAAA9D}.Release|x86.Build.0 = Release|Win32
	EndGlobalSection
	GlobalSection(SolutionProperties) = preSolution
		HideSolutionNode = FALSE
	EndGlobalSection
	GlobalSection(ExtensibilityGlobals) = postSolution
		SolutionGuid = {8FF6AF62-9A10-4BFF-9CFE-2D03A6B0EF1A}
	EndGlobalSection
EndGlobal
