Microsoft Visual Studio Solution File, Format Version 12.00
# Visual Studio 15
VisualStudioVersion = 15.0.28307.168
MinimumVisualStudioVersion = 10.0.40219.1
Project("{8BC9CEB8-8B4A-11D0-8D11-00A0C91BC942}") = "messaging_client", "test_suite\messaging\messaging_client.vcxproj", "{80B58CBC-FECA-1BAD-1FEE-AE349A6B75AA}"
EndProject
Project("{8BC9CEB8-8B4A-11D0-8D11-00A0C91BC942}") = "messaging_map_receiver", "test_suite\messaging\messaging_map_receiver.vcxproj", "{92D8F5AA-FECA-1BAD-1FEE-AE349A6B75AA}"
EndProject
Project("{8BC9CEB8-8B4A-11D0-8D11-00A0C91BC942}") = "messaging_map_sender", "test_suite\messaging\messaging_map_sender.vcxproj", "{3B9EA507-FECA-1BAD-1FEE-AE349A6B75AA}"
EndProject
Project("{8BC9CEB8-8B4A-11D0-8D11-00A0C91BC942}") = "messaging_server", "test_suite\messaging\messaging_server.vcxproj", "{E0A50687-FECA-1BAD-1FEE-AE349A6B75AA}"
EndProject
Project("{8BC9CEB8-8B4A-11D0-8D11-00A0C91BC942}") = "messaging_drain", "test_suite\messaging\messaging_drain.vcxproj", "{D79791E5-C593-4F23-B545-0CE72D181F2A}"
EndProject
Project("{8BC9CEB8-8B4A-11D0-8D11-00A0C91BC942}") = "messaging_spout", "test_suite\messaging\messaging_spout.vcxproj", "{D3115AC9-91C4-4D79-BCAC-DE837C70F1EA}"
EndProject
Global
	GlobalSection(SolutionConfigurationPlatforms) = preSolution
		Debug|Win32 = Debug|Win32
		Debug|x64 = Debug|x64
		Release|Win32 = Release|Win32
		Release|x64 = Release|x64
	EndGlobalSection
	GlobalSection(ProjectConfigurationPlatforms) = postSolution
		{80B58CBC-FECA-1BAD-1FEE-AE349A6B75AA}.Debug|Win32.ActiveCfg = Debug|Win32
		{80B58CBC-FECA-1BAD-1FEE-AE349A6B75AA}.Debug|Win32.Build.0 = Debug|Win32
		{80B58CBC-FECA-1BAD-1FEE-AE349A6B75AA}.Debug|x64.ActiveCfg = Debug|x64
		{80B58CBC-FECA-1BAD-1FEE-AE349A6B75AA}.Debug|x64.Build.0 = Debug|x64
		{80B58CBC-FECA-1BAD-1FEE-AE349A6B75AA}.Release|Win32.ActiveCfg = Release|Win32
		{80B58CBC-FECA-1BAD-1FEE-AE349A6B75AA}.Release|Win32.Build.0 = Release|Win32
		{80B58CBC-FECA-1BAD-1FEE-AE349A6B75AA}.Release|x64.ActiveCfg = Release|x64
		{80B58CBC-FECA-1BAD-1FEE-AE349A6B75AA}.Release|x64.Build.0 = Release|x64
		{92D8F5AA-FECA-1BAD-1FEE-AE349A6B75AA}.Debug|Win32.ActiveCfg = Debug|Win32
		{92D8F5AA-FECA-1BAD-1FEE-AE349A6B75AA}.Debug|Win32.Build.0 = Debug|Win32
		{92D8F5AA-FECA-1BAD-1FEE-AE349A6B75AA}.Debug|x64.ActiveCfg = Debug|x64
		{92D8F5AA-FECA-1BAD-1FEE-AE349A6B75AA}.Debug|x64.Build.0 = Debug|x64
		{92D8F5AA-FECA-1BAD-1FEE-AE349A6B75AA}.Release|Win32.ActiveCfg = Release|Win32
		{92D8F5AA-FECA-1BAD-1FEE-AE349A6B75AA}.Release|Win32.Build.0 = Release|Win32
		{92D8F5AA-FECA-1BAD-1FEE-AE349A6B75AA}.Release|x64.ActiveCfg = Release|x64
		{92D8F5AA-FECA-1BAD-1FEE-AE349A6B75AA}.Release|x64.Build.0 = Release|x64
		{3B9EA507-FECA-1BAD-1FEE-AE349A6B75AA}.Debug|Win32.ActiveCfg = Debug|Win32
		{3B9EA507-FECA-1BAD-1FEE-AE349A6B75AA}.Debug|Win32.Build.0 = Debug|Win32
		{3B9EA507-FECA-1BAD-1FEE-AE349A6B75AA}.Debug|x64.ActiveCfg = Debug|x64
		{3B9EA507-FECA-1BAD-1FEE-AE349A6B75AA}.Debug|x64.Build.0 = Debug|x64
		{3B9EA507-FECA-1BAD-1FEE-AE349A6B75AA}.Release|Win32.ActiveCfg = Release|Win32
		{3B9EA507-FECA-1BAD-1FEE-AE349A6B75AA}.Release|Win32.Build.0 = Release|Win32
		{3B9EA507-FECA-1BAD-1FEE-AE349A6B75AA}.Release|x64.ActiveCfg = Release|x64
		{3B9EA507-FECA-1BAD-1FEE-AE349A6B75AA}.Release|x64.Build.0 = Release|x64
		{E0A50687-FECA-1BAD-1FEE-AE349A6B75AA}.Debug|Win32.ActiveCfg = Debug|Win32
		{E0A50687-FECA-1BAD-1FEE-AE349A6B75AA}.Debug|Win32.Build.0 = Debug|Win32
		{E0A50687-FECA-1BAD-1FEE-AE349A6B75AA}.Debug|x64.ActiveCfg = Debug|x64
		{E0A50687-FECA-1BAD-1FEE-AE349A6B75AA}.Debug|x64.Build.0 = Debug|x64
		{E0A50687-FECA-1BAD-1FEE-AE349A6B75AA}.Release|Win32.ActiveCfg = Release|Win32
		{E0A50687-FECA-1BAD-1FEE-AE349A6B75AA}.Release|Win32.Build.0 = Release|Win32
		{E0A50687-FECA-1BAD-1FEE-AE349A6B75AA}.Release|x64.ActiveCfg = Release|x64
		{E0A50687-FECA-1BAD-1FEE-AE349A6B75AA}.Release|x64.Build.0 = Release|x64
		{D79791E5-C593-4F23-B545-0CE72D181F2A}.Debug|Win32.ActiveCfg = Debug|Win32
		{D79791E5-C593-4F23-B545-0CE72D181F2A}.Debug|Win32.Build.0 = Debug|Win32
		{D79791E5-C593-4F23-B545-0CE72D181F2A}.Debug|x64.ActiveCfg = Debug|x64
		{D79791E5-C593-4F23-B545-0CE72D181F2A}.Debug|x64.Build.0 = Debug|x64
		{D79791E5-C593-4F23-B545-0CE72D181F2A}.Release|Win32.ActiveCfg = Release|Win32
		{D79791E5-C593-4F23-B545-0CE72D181F2A}.Release|Win32.Build.0 = Release|Win32
		{D79791E5-C593-4F23-B545-0CE72D181F2A}.Release|x64.ActiveCfg = Release|x64
		{D79791E5-C593-4F23-B545-0CE72D181F2A}.Release|x64.Build.0 = Release|x64
		{D3115AC9-91C4-4D79-BCAC-DE837C70F1EA}.Debug|Win32.ActiveCfg = Debug|Win32
		{D3115AC9-91C4-4D79-BCAC-DE837C70F1EA}.Debug|Win32.Build.0 = Debug|Win32
		{D3115AC9-91C4-4D79-BCAC-DE837C70F1EA}.Debug|x64.ActiveCfg = Debug|x64
		{D3115AC9-91C4-4D79-BCAC-DE837C70F1EA}.Debug|x64.Build.0 = Debug|x64
		{D3115AC9-91C4-4D79-BCAC-DE837C70F1EA}.Release|Win32.ActiveCfg = Release|Win32
		{D3115AC9-91C4-4D79-BCAC-DE837C70F1EA}.Release|Win32.Build.0 = Release|Win32
		{D3115AC9-91C4-4D79-BCAC-DE837C70F1EA}.Release|x64.ActiveCfg = Release|x64
		{D3115AC9-91C4-4D79-BCAC-DE837C70F1EA}.Release|x64.Build.0 = Release|x64
	EndGlobalSection
	GlobalSection(SolutionProperties) = preSolution
		HideSolutionNode = FALSE
	EndGlobalSection
	GlobalSection(ExtensibilityGlobals) = postSolution
		SolutionGuid = {21E7C898-56CB-4660-B153-263440F3D455}
	EndGlobalSection
EndGlobal
