<?xml version="1.0" encoding="utf-8"?>
<Project ToolsVersion="15.0" xmlns="http://schemas.microsoft.com/developer/msbuild/2003">
  <ItemGroup>
    <ClCompile Include=".\qmf\Agent.cpp">
      <Filter>Source Files</Filter>
    </ClCompile>
    <ClCompile Include=".\qmf\AgentEvent.cpp">
      <Filter>Source Files</Filter>
    </ClCompile>
    <ClCompile Include=".\qmf\AgentSession.cpp">
      <Filter>Source Files</Filter>
    </ClCompile>
    <ClCompile Include=".\qmf\AgentSubscription.cpp">
      <Filter>Source Files</Filter>
    </ClCompile>
    <ClCompile Include=".\qmf\ConsoleEvent.cpp">
      <Filter>Source Files</Filter>
    </ClCompile>
    <ClCompile Include=".\qmf\ConsoleSession.cpp">
      <Filter>Source Files</Filter>
    </ClCompile>
    <ClCompile Include=".\qmf\constants.cpp">
      <Filter>Source Files</Filter>
    </ClCompile>
    <ClCompile Include=".\qmf\DataAddr.cpp">
      <Filter>Source Files</Filter>
    </ClCompile>
    <ClCompile Include=".\qmf\Data.cpp">
      <Filter>Source Files</Filter>
    </ClCompile>
    <ClCompile Include=".\qmf\EventNotifierImpl.cpp">
      <Filter>Source Files</Filter>
    </ClCompile>
    <ClCompile Include=".\qmf\exceptions.cpp">
      <Filter>Source Files</Filter>
    </ClCompile>
    <ClCompile Include=".\qmf\Expression.cpp">
      <Filter>Source Files</Filter>
    </ClCompile>
    <ClCompile Include=".\qmf\Hash.cpp">
      <Filter>Source Files</Filter>
    </ClCompile>
    <ClCompile Include=".\qmf\Query.cpp">
      <Filter>Source Files</Filter>
    </ClCompile>
    <ClCompile Include=".\qmf\Schema.cpp">
      <Filter>Source Files</Filter>
    </ClCompile>
    <ClCompile Include=".\qmf\SchemaCache.cpp">
      <Filter>Source Files</Filter>
    </ClCompile>
    <ClCompile Include=".\qmf\SchemaId.cpp">
      <Filter>Source Files</Filter>
    </ClCompile>
    <ClCompile Include=".\qmf\SchemaMethod.cpp">
      <Filter>Source Files</Filter>
    </ClCompile>
    <ClCompile Include=".\qmf\SchemaProperty.cpp">
      <Filter>Source Files</Filter>
    </ClCompile>
    <ClCompile Include=".\qmf\Subscription.cpp">
      <Filter>Source Files</Filter>
    </ClCompile>
  </ItemGroup>
  <ItemGroup>
    <ClInclude Include="..\include\qmf\AgentEvent.h">
      <Filter>Header Files</Filter>
    </ClInclude>
    <ClInclude Include="..\include\qmf\Agent.h">
      <Filter>Header Files</Filter>
    </ClInclude>
    <ClInclude Include="..\include\qmf\AgentSession.h">
      <Filter>Header Files</Filter>
    </ClInclude>
    <ClInclude Include="..\include\qmf\ConsoleEvent.h">
      <Filter>Header Files</Filter>
    </ClInclude>
    <ClInclude Include="..\include\qmf\ConsoleSession.h">
      <Filter>Header Files</Filter>
    </ClInclude>
    <ClInclude Include="..\include\qmf\DataAddr.h">
      <Filter>Header Files</Filter>
    </ClInclude>
    <ClInclude Include="..\include\qmf\Data.h">
      <Filter>Header Files</Filter>
    </ClInclude>
    <ClInclude Include="..\include\qmf\exceptions.h">
      <Filter>Header Files</Filter>
    </ClInclude>
    <ClInclude Include="..\include\qmf\Handle.h">
      <Filter>Header Files</Filter>
    </ClInclude>
    <ClInclude Include="..\include\qmf\ImportExport.h">
      <Filter>Header Files</Filter>
    </ClInclude>
    <ClInclude Include="..\include\qmf\Query.h">
      <Filter>Header Files</Filter>
    </ClInclude>
    <ClInclude Include="..\include\qmf\Schema.h">
      <Filter>Header Files</Filter>
    </ClInclude>
    <ClInclude Include="..\include\qmf\SchemaId.h">
      <Filter>Header Files</Filter>
    </ClInclude>
    <ClInclude Include="..\include\qmf\SchemaMethod.h">
      <Filter>Header Files</Filter>
    </ClInclude>
    <ClInclude Include="..\include\qmf\SchemaProperty.h">
      <Filter>Header Files</Filter>
    </ClInclude>
    <ClInclude Include="..\include\qmf\SchemaTypes.h">
      <Filter>Header Files</Filter>
    </ClInclude>
    <ClInclude Include="..\include\qmf\Subscription.h">
      <Filter>Header Files</Filter>
    </ClInclude>
    <ClInclude Include=".\qmf\agentCapability.h">
      <Filter>Header Files</Filter>
    </ClInclude>
    <ClInclude Include=".\qmf\AgentEventImpl.h">
      <Filter>Header Files</Filter>
    </ClInclude>
    <ClInclude Include=".\qmf\AgentImpl.h">
      <Filter>Header Files</Filter>
    </ClInclude>
    <ClInclude Include=".\qmf\AgentSubscription.h">
      <Filter>Header Files</Filter>
    </ClInclude>
    <ClInclude Include=".\qmf\ConsoleEventImpl.h">
      <Filter>Header Files</Filter>
    </ClInclude>
    <ClInclude Include=".\qmf\ConsoleSessionImpl.h">
      <Filter>Header Files</Filter>
    </ClInclude>
    <ClInclude Include=".\qmf\constants.h">
      <Filter>Header Files</Filter>
    </ClInclude>
    <ClInclude Include=".\qmf\DataAddrImpl.h">
      <Filter>Header Files</Filter>
    </ClInclude>
    <ClInclude Include=".\qmf\DataImpl.h">
      <Filter>Header Files</Filter>
    </ClInclude>
    <ClInclude Include=".\qmf\EventNotifierImpl.h">
      <Filter>Header Files</Filter>
    </ClInclude>
    <ClInclude Include=".\qmf\Expression.h">
      <Filter>Header Files</Filter>
    </ClInclude>
    <ClInclude Include=".\qmf\Hash.h">
      <Filter>Header Files</Filter>
    </ClInclude>
    <ClInclude Include=".\qmf\PrivateImplRef.h">
      <Filter>Header Files</Filter>
    </ClInclude>
    <ClInclude Include=".\qmf\QueryImpl.h">
      <Filter>Header Files</Filter>
    </ClInclude>
    <ClInclude Include=".\qmf\SchemaCache.h">
      <Filter>Header Files</Filter>
    </ClInclude>
    <ClInclude Include=".\qmf\SchemaIdImpl.h">
      <Filter>Header Files</Filter>
    </ClInclude>
    <ClInclude Include=".\qmf\SchemaImpl.h">
      <Filter>Header Files</Filter>
    </ClInclude>
    <ClInclude Include=".\qmf\SchemaMethodImpl.h">
      <Filter>Header Files</Filter>
    </ClInclude>
    <ClInclude Include=".\qmf\SchemaPropertyImpl.h">
      <Filter>Header Files</Filter>
    </ClInclude>
    <ClInclude Include=".\qmf\SubscriptionImpl.h">
      <Filter>Header Files</Filter>
    </ClInclude>
  </ItemGroup>
  <ItemGroup>
    <Filter Include="Header Files">
      <UniqueIdentifier>{DD29CA2B-18E8-3D6C-9FBF-922F7EC60AF3}</UniqueIdentifier>
    </Filter>
    <Filter Include="Source Files">
      <UniqueIdentifier>{200479CF-CC1F-3FDD-B530-F3B5336BC87F}</UniqueIdentifier>
    </Filter>
  </ItemGroup>
</Project>
