<?xml version="1.0" encoding="utf-8"?>
<Project ToolsVersion="15.0" xmlns="http://schemas.microsoft.com/developer/msbuild/2003">
  <ItemGroup>
    <ClCompile Include=".\qpid\messaging\amqp\AddressHelper.cpp">
      <Filter>Source Files</Filter>
    </ClCompile>
    <ClCompile Include=".\qpid\messaging\amqp\ConnectionContext.cpp">
      <Filter>Source Files</Filter>
    </ClCompile>
    <ClCompile Include=".\qpid\messaging\amqp\ConnectionHandle.cpp">
      <Filter>Source Files</Filter>
    </ClCompile>
    <ClCompile Include=".\qpid\messaging\amqp\DriverImpl.cpp">
      <Filter>Source Files</Filter>
    </ClCompile>
    <ClCompile Include=".\qpid\messaging\amqp\PnData.cpp">
      <Filter>Source Files</Filter>
    </ClCompile>
    <ClCompile Include=".\qpid\messaging\amqp\ReceiverContext.cpp">
      <Filter>Source Files</Filter>
    </ClCompile>
    <ClCompile Include=".\qpid\messaging\amqp\ReceiverHandle.cpp">
      <Filter>Source Files</Filter>
    </ClCompile>
    <ClCompile Include=".\qpid\messaging\amqp\Sasl.cpp">
      <Filter>Source Files</Filter>
    </ClCompile>
    <ClCompile Include=".\qpid\messaging\amqp\SenderContext.cpp">
      <Filter>Source Files</Filter>
    </ClCompile>
    <ClCompile Include=".\qpid\messaging\amqp\SenderHandle.cpp">
      <Filter>Source Files</Filter>
    </ClCompile>
    <ClCompile Include=".\qpid\messaging\amqp\SessionContext.cpp">
      <Filter>Source Files</Filter>
    </ClCompile>
    <ClCompile Include=".\qpid\messaging\amqp\SessionHandle.cpp">
      <Filter>Source Files</Filter>
    </ClCompile>
    <ClCompile Include=".\qpid\messaging\amqp\TcpTransport.cpp">
      <Filter>Source Files</Filter>
    </ClCompile>
    <ClCompile Include=".\qpid\messaging\amqp\Transaction.cpp">
      <Filter>Source Files</Filter>
    </ClCompile>
    <ClCompile Include=".\qpid\messaging\amqp\util.cpp">
      <Filter>Source Files</Filter>
    </ClCompile>
    <ClCompile Include=".\qpid\messaging\amqp\windows\SslTransport.cpp">
      <Filter>Source Files</Filter>
    </ClCompile>
    <ClCompile Include=".\qpid\client\amqp0_10\AcceptTracker.cpp">
      <Filter>Source Files</Filter>
    </ClCompile>
    <ClCompile Include=".\qpid\client\amqp0_10\AddressResolution.cpp">
      <Filter>Source Files</Filter>
    </ClCompile>
    <ClCompile Include=".\qpid\client\amqp0_10\ConnectionImpl.cpp">
      <Filter>Source Files</Filter>
    </ClCompile>
    <ClCompile Include=".\qpid\client\amqp0_10\IncomingMessages.cpp">
      <Filter>Source Files</Filter>
    </ClCompile>
    <ClCompile Include=".\qpid\client\amqp0_10\OutgoingMessage.cpp">
      <Filter>Source Files</Filter>
    </ClCompile>
    <ClCompile Include=".\qpid\client\amqp0_10\ReceiverImpl.cpp">
      <Filter>Source Files</Filter>
    </ClCompile>
    <ClCompile Include=".\qpid\client\amqp0_10\SessionImpl.cpp">
      <Filter>Source Files</Filter>
    </ClCompile>
    <ClCompile Include=".\qpid\client\amqp0_10\SenderImpl.cpp">
      <Filter>Source Files</Filter>
    </ClCompile>
    <ClCompile Include=".\qpid\messaging\Address.cpp">
      <Filter>Source Files</Filter>
    </ClCompile>
    <ClCompile Include=".\qpid\messaging\AddressParser.cpp">
      <Filter>Source Files</Filter>
    </ClCompile>
    <ClCompile Include=".\qpid\messaging\Connection.cpp">
      <Filter>Source Files</Filter>
    </ClCompile>
    <ClCompile Include=".\qpid\messaging\Duration.cpp">
      <Filter>Source Files</Filter>
    </ClCompile>
    <ClCompile Include=".\qpid\messaging\exceptions.cpp">
      <Filter>Source Files</Filter>
    </ClCompile>
    <ClCompile Include=".\qpid\messaging\FailoverUpdates.cpp">
      <Filter>Source Files</Filter>
    </ClCompile>
    <ClCompile Include=".\qpid\messaging\Logger.cpp">
      <Filter>Source Files</Filter>
    </ClCompile>
    <ClCompile Include=".\qpid\messaging\Message.cpp">
      <Filter>Source Files</Filter>
    </ClCompile>
    <ClCompile Include=".\qpid\messaging\Receiver.cpp">
      <Filter>Source Files</Filter>
    </ClCompile>
    <ClCompile Include=".\qpid\messaging\Session.cpp">
      <Filter>Source Files</Filter>
    </ClCompile>
    <ClCompile Include=".\qpid\messaging\Sender.cpp">
      <Filter>Source Files</Filter>
    </ClCompile>
    <ClCompile Include=".\qpid\messaging\ConnectionOptions.cpp">
      <Filter>Source Files</Filter>
    </ClCompile>
    <ClCompile Include=".\qpid\messaging\MessageImpl.cpp">
      <Filter>Source Files</Filter>
    </ClCompile>
    <ClCompile Include=".\qpid\messaging\Message_io.cpp">
      <Filter>Source Files</Filter>
    </ClCompile>
    <ClCompile Include=".\qpid\messaging\ProtocolRegistry.cpp">
      <Filter>Source Files</Filter>
    </ClCompile>
    <ClCompile Include=".\qpid\messaging\amqp\EncodedMessage.cpp">
      <Filter>Source Files</Filter>
    </ClCompile>
  </ItemGroup>
  <ItemGroup>
    <ClInclude Include=".\qpid\messaging\amqp\AddressHelper.h">
      <Filter>Header Files</Filter>
    </ClInclude>
    <ClInclude Include=".\qpid\messaging\amqp\ConnectionContext.h">
      <Filter>Header Files</Filter>
    </ClInclude>
    <ClInclude Include=".\qpid\messaging\amqp\ConnectionHandle.h">
      <Filter>Header Files</Filter>
    </ClInclude>
    <ClInclude Include=".\qpid\messaging\amqp\DriverImpl.h">
      <Filter>Header Files</Filter>
    </ClInclude>
    <ClInclude Include=".\qpid\messaging\amqp\PnData.h">
      <Filter>Header Files</Filter>
    </ClInclude>
    <ClInclude Include=".\qpid\messaging\amqp\ReceiverContext.h">
      <Filter>Header Files</Filter>
    </ClInclude>
    <ClInclude Include=".\qpid\messaging\amqp\ReceiverHandle.h">
      <Filter>Header Files</Filter>
    </ClInclude>
    <ClInclude Include=".\qpid\messaging\amqp\Sasl.h">
      <Filter>Header Files</Filter>
    </ClInclude>
    <ClInclude Include=".\qpid\messaging\amqp\SenderContext.h">
      <Filter>Header Files</Filter>
    </ClInclude>
    <ClInclude Include=".\qpid\messaging\amqp\SenderHandle.h">
      <Filter>Header Files</Filter>
    </ClInclude>
    <ClInclude Include=".\qpid\messaging\amqp\SessionContext.h">
      <Filter>Header Files</Filter>
    </ClInclude>
    <ClInclude Include=".\qpid\messaging\amqp\SessionHandle.h">
      <Filter>Header Files</Filter>
    </ClInclude>
    <ClInclude Include=".\qpid\messaging\amqp\TcpTransport.h">
      <Filter>Header Files</Filter>
    </ClInclude>
    <ClInclude Include=".\qpid\messaging\amqp\Transaction.h">
      <Filter>Header Files</Filter>
    </ClInclude>
    <ClInclude Include=".\qpid\messaging\amqp\util.h">
      <Filter>Header Files</Filter>
    </ClInclude>
    <ClInclude Include=".\qpid\messaging\AddressImpl.h">
      <Filter>Header Files</Filter>
    </ClInclude>
    <ClInclude Include=".\qpid\messaging\ConnectionImpl.h">
      <Filter>Header Files</Filter>
    </ClInclude>
    <ClInclude Include=".\qpid\messaging\ReceiverImpl.h">
      <Filter>Header Files</Filter>
    </ClInclude>
    <ClInclude Include=".\qpid\messaging\SessionImpl.h">
      <Filter>Header Files</Filter>
    </ClInclude>
    <ClInclude Include=".\qpid\messaging\SenderImpl.h">
      <Filter>Header Files</Filter>
    </ClInclude>
    <ClInclude Include=".\qpid\client\amqp0_10\AcceptTracker.h">
      <Filter>Header Files</Filter>
    </ClInclude>
    <ClInclude Include=".\qpid\client\amqp0_10\AddressResolution.h">
      <Filter>Header Files</Filter>
    </ClInclude>
    <ClInclude Include=".\qpid\client\amqp0_10\ConnectionImpl.h">
      <Filter>Header Files</Filter>
    </ClInclude>
    <ClInclude Include=".\qpid\client\amqp0_10\IncomingMessages.h">
      <Filter>Header Files</Filter>
    </ClInclude>
    <ClInclude Include=".\qpid\client\amqp0_10\MessageSink.h">
      <Filter>Header Files</Filter>
    </ClInclude>
    <ClInclude Include=".\qpid\client\amqp0_10\MessageSource.h">
      <Filter>Header Files</Filter>
    </ClInclude>
    <ClInclude Include=".\qpid\client\amqp0_10\OutgoingMessage.h">
      <Filter>Header Files</Filter>
    </ClInclude>
    <ClInclude Include=".\qpid\client\amqp0_10\ReceiverImpl.h">
      <Filter>Header Files</Filter>
    </ClInclude>
    <ClInclude Include=".\qpid\client\amqp0_10\SessionImpl.h">
      <Filter>Header Files</Filter>
    </ClInclude>
    <ClInclude Include=".\qpid\client\amqp0_10\SenderImpl.h">
      <Filter>Header Files</Filter>
    </ClInclude>
    <ClInclude Include=".\qpid\messaging\AddressParser.h">
      <Filter>Header Files</Filter>
    </ClInclude>
    <ClInclude Include=".\qpid\messaging\ConnectionOptions.h">
      <Filter>Header Files</Filter>
    </ClInclude>
    <ClInclude Include=".\qpid\messaging\MessageImpl.h">
      <Filter>Header Files</Filter>
    </ClInclude>
    <ClInclude Include=".\qpid\messaging\amqp\EncodedMessage.h">
      <Filter>Header Files</Filter>
    </ClInclude>
  </ItemGroup>
  <ItemGroup>
    <Filter Include="Header Files">
      <UniqueIdentifier>{DD29CA2B-18E8-3D6C-9FBF-922F7EC60AF3}</UniqueIdentifier>
    </Filter>
    <Filter Include="Source Files">
      <UniqueIdentifier>{200479CF-CC1F-3FDD-B530-F3B5336BC87F}</UniqueIdentifier>
    </Filter>
  </ItemGroup>
</Project>
