<?xml version="1.0" encoding="utf-8"?>
<Project ToolsVersion="15.0" xmlns="http://schemas.microsoft.com/developer/msbuild/2003">
  <ItemGroup>
    <ClCompile Include=".\qpid\framing\reply_exceptions.cpp">
      <Filter>Source Files</Filter>
    </ClCompile>
    <ClCompile Include=".\qpid\framing\TypeCode.cpp">
      <Filter>Source Files</Filter>
    </ClCompile>
    <ClCompile Include=".\qpid\framing\MethodBodyDefaultVisitor.cpp">
      <Filter>Source Files</Filter>
    </ClCompile>
    <ClCompile Include=".\qpid\framing\MethodBodyFactory.cpp">
      <Filter>Source Files</Filter>
    </ClCompile>
    <ClCompile Include=".\qpid\framing\ClientInvoker.cpp">
      <Filter>Source Files</Filter>
    </ClCompile>
    <ClCompile Include=".\qpid\framing\ServerInvoker.cpp">
      <Filter>Source Files</Filter>
    </ClCompile>
    <ClCompile Include=".\qpid\framing\AllInvoker.cpp">
      <Filter>Source Files</Filter>
    </ClCompile>
    <ClCompile Include=".\qpid\framing\AMQP_ClientProxy.cpp">
      <Filter>Source Files</Filter>
    </ClCompile>
    <ClCompile Include=".\qpid\framing\AMQP_ServerProxy.cpp">
      <Filter>Source Files</Filter>
    </ClCompile>
    <ClCompile Include=".\qpid\framing\AMQP_AllProxy.cpp">
      <Filter>Source Files</Filter>
    </ClCompile>
    <ClCompile Include=".\qpid\framing\Header.cpp">
      <Filter>Source Files</Filter>
    </ClCompile>
    <ClCompile Include=".\qpid\framing\DeliveryProperties.cpp">
      <Filter>Source Files</Filter>
    </ClCompile>
    <ClCompile Include=".\qpid\framing\FragmentProperties.cpp">
      <Filter>Source Files</Filter>
    </ClCompile>
    <ClCompile Include=".\qpid\framing\ReplyTo.cpp">
      <Filter>Source Files</Filter>
    </ClCompile>
    <ClCompile Include=".\qpid\framing\MessageProperties.cpp">
      <Filter>Source Files</Filter>
    </ClCompile>
    <ClCompile Include=".\qpid\framing\MessageAcquireResult.cpp">
      <Filter>Source Files</Filter>
    </ClCompile>
    <ClCompile Include=".\qpid\framing\MessageResumeResult.cpp">
      <Filter>Source Files</Filter>
    </ClCompile>
    <ClCompile Include=".\qpid\framing\XaResult.cpp">
      <Filter>Source Files</Filter>
    </ClCompile>
    <ClCompile Include=".\qpid\framing\Xid.cpp">
      <Filter>Source Files</Filter>
    </ClCompile>
    <ClCompile Include=".\qpid\framing\DtxGetTimeoutResult.cpp">
      <Filter>Source Files</Filter>
    </ClCompile>
    <ClCompile Include=".\qpid\framing\DtxRecoverResult.cpp">
      <Filter>Source Files</Filter>
    </ClCompile>
    <ClCompile Include=".\qpid\framing\ExchangeQueryResult.cpp">
      <Filter>Source Files</Filter>
    </ClCompile>
    <ClCompile Include=".\qpid\framing\ExchangeBoundResult.cpp">
      <Filter>Source Files</Filter>
    </ClCompile>
    <ClCompile Include=".\qpid\framing\QueueQueryResult.cpp">
      <Filter>Source Files</Filter>
    </ClCompile>
    <ClCompile Include=".\qpid\framing\FileProperties.cpp">
      <Filter>Source Files</Filter>
    </ClCompile>
    <ClCompile Include=".\qpid\framing\StreamProperties.cpp">
      <Filter>Source Files</Filter>
    </ClCompile>
    <ClCompile Include=".\qpid\framing\ConnectionStartBody.cpp">
      <Filter>Source Files</Filter>
    </ClCompile>
    <ClCompile Include=".\qpid\framing\ConnectionStartOkBody.cpp">
      <Filter>Source Files</Filter>
    </ClCompile>
    <ClCompile Include=".\qpid\framing\ConnectionSecureBody.cpp">
      <Filter>Source Files</Filter>
    </ClCompile>
    <ClCompile Include=".\qpid\framing\ConnectionSecureOkBody.cpp">
      <Filter>Source Files</Filter>
    </ClCompile>
    <ClCompile Include=".\qpid\framing\ConnectionTuneBody.cpp">
      <Filter>Source Files</Filter>
    </ClCompile>
    <ClCompile Include=".\qpid\framing\ConnectionTuneOkBody.cpp">
      <Filter>Source Files</Filter>
    </ClCompile>
    <ClCompile Include=".\qpid\framing\ConnectionOpenBody.cpp">
      <Filter>Source Files</Filter>
    </ClCompile>
    <ClCompile Include=".\qpid\framing\ConnectionOpenOkBody.cpp">
      <Filter>Source Files</Filter>
    </ClCompile>
    <ClCompile Include=".\qpid\framing\ConnectionRedirectBody.cpp">
      <Filter>Source Files</Filter>
    </ClCompile>
    <ClCompile Include=".\qpid\framing\ConnectionHeartbeatBody.cpp">
      <Filter>Source Files</Filter>
    </ClCompile>
    <ClCompile Include=".\qpid\framing\ConnectionCloseBody.cpp">
      <Filter>Source Files</Filter>
    </ClCompile>
    <ClCompile Include=".\qpid\framing\ConnectionCloseOkBody.cpp">
      <Filter>Source Files</Filter>
    </ClCompile>
    <ClCompile Include=".\qpid\framing\SessionAttachBody.cpp">
      <Filter>Source Files</Filter>
    </ClCompile>
    <ClCompile Include=".\qpid\framing\SessionAttachedBody.cpp">
      <Filter>Source Files</Filter>
    </ClCompile>
    <ClCompile Include=".\qpid\framing\SessionDetachBody.cpp">
      <Filter>Source Files</Filter>
    </ClCompile>
    <ClCompile Include=".\qpid\framing\SessionDetachedBody.cpp">
      <Filter>Source Files</Filter>
    </ClCompile>
    <ClCompile Include=".\qpid\framing\SessionRequestTimeoutBody.cpp">
      <Filter>Source Files</Filter>
    </ClCompile>
    <ClCompile Include=".\qpid\framing\SessionTimeoutBody.cpp">
      <Filter>Source Files</Filter>
    </ClCompile>
    <ClCompile Include=".\qpid\framing\SessionCommandPointBody.cpp">
      <Filter>Source Files</Filter>
    </ClCompile>
    <ClCompile Include=".\qpid\framing\SessionExpectedBody.cpp">
      <Filter>Source Files</Filter>
    </ClCompile>
    <ClCompile Include=".\qpid\framing\SessionConfirmedBody.cpp">
      <Filter>Source Files</Filter>
    </ClCompile>
    <ClCompile Include=".\qpid\framing\SessionCompletedBody.cpp">
      <Filter>Source Files</Filter>
    </ClCompile>
    <ClCompile Include=".\qpid\framing\SessionKnownCompletedBody.cpp">
      <Filter>Source Files</Filter>
    </ClCompile>
    <ClCompile Include=".\qpid\framing\SessionFlushBody.cpp">
      <Filter>Source Files</Filter>
    </ClCompile>
    <ClCompile Include=".\qpid\framing\SessionGapBody.cpp">
      <Filter>Source Files</Filter>
    </ClCompile>
    <ClCompile Include=".\qpid\framing\ExecutionSyncBody.cpp">
      <Filter>Source Files</Filter>
    </ClCompile>
    <ClCompile Include=".\qpid\framing\ExecutionResultBody.cpp">
      <Filter>Source Files</Filter>
    </ClCompile>
    <ClCompile Include=".\qpid\framing\ExecutionExceptionBody.cpp">
      <Filter>Source Files</Filter>
    </ClCompile>
    <ClCompile Include=".\qpid\framing\MessageTransferBody.cpp">
      <Filter>Source Files</Filter>
    </ClCompile>
    <ClCompile Include=".\qpid\framing\MessageAcceptBody.cpp">
      <Filter>Source Files</Filter>
    </ClCompile>
    <ClCompile Include=".\qpid\framing\MessageRejectBody.cpp">
      <Filter>Source Files</Filter>
    </ClCompile>
    <ClCompile Include=".\qpid\framing\MessageReleaseBody.cpp">
      <Filter>Source Files</Filter>
    </ClCompile>
    <ClCompile Include=".\qpid\framing\MessageAcquireBody.cpp">
      <Filter>Source Files</Filter>
    </ClCompile>
    <ClCompile Include=".\qpid\framing\MessageResumeBody.cpp">
      <Filter>Source Files</Filter>
    </ClCompile>
    <ClCompile Include=".\qpid\framing\MessageSubscribeBody.cpp">
      <Filter>Source Files</Filter>
    </ClCompile>
    <ClCompile Include=".\qpid\framing\MessageCancelBody.cpp">
      <Filter>Source Files</Filter>
    </ClCompile>
    <ClCompile Include=".\qpid\framing\MessageSetFlowModeBody.cpp">
      <Filter>Source Files</Filter>
    </ClCompile>
    <ClCompile Include=".\qpid\framing\MessageFlowBody.cpp">
      <Filter>Source Files</Filter>
    </ClCompile>
    <ClCompile Include=".\qpid\framing\MessageFlushBody.cpp">
      <Filter>Source Files</Filter>
    </ClCompile>
    <ClCompile Include=".\qpid\framing\MessageStopBody.cpp">
      <Filter>Source Files</Filter>
    </ClCompile>
    <ClCompile Include=".\qpid\framing\TxSelectBody.cpp">
      <Filter>Source Files</Filter>
    </ClCompile>
    <ClCompile Include=".\qpid\framing\TxCommitBody.cpp">
      <Filter>Source Files</Filter>
    </ClCompile>
    <ClCompile Include=".\qpid\framing\TxRollbackBody.cpp">
      <Filter>Source Files</Filter>
    </ClCompile>
    <ClCompile Include=".\qpid\framing\DtxSelectBody.cpp">
      <Filter>Source Files</Filter>
    </ClCompile>
    <ClCompile Include=".\qpid\framing\DtxStartBody.cpp">
      <Filter>Source Files</Filter>
    </ClCompile>
    <ClCompile Include=".\qpid\framing\DtxEndBody.cpp">
      <Filter>Source Files</Filter>
    </ClCompile>
    <ClCompile Include=".\qpid\framing\DtxCommitBody.cpp">
      <Filter>Source Files</Filter>
    </ClCompile>
    <ClCompile Include=".\qpid\framing\DtxForgetBody.cpp">
      <Filter>Source Files</Filter>
    </ClCompile>
    <ClCompile Include=".\qpid\framing\DtxGetTimeoutBody.cpp">
      <Filter>Source Files</Filter>
    </ClCompile>
    <ClCompile Include=".\qpid\framing\DtxPrepareBody.cpp">
      <Filter>Source Files</Filter>
    </ClCompile>
    <ClCompile Include=".\qpid\framing\DtxRecoverBody.cpp">
      <Filter>Source Files</Filter>
    </ClCompile>
    <ClCompile Include=".\qpid\framing\DtxRollbackBody.cpp">
      <Filter>Source Files</Filter>
    </ClCompile>
    <ClCompile Include=".\qpid\framing\DtxSetTimeoutBody.cpp">
      <Filter>Source Files</Filter>
    </ClCompile>
    <ClCompile Include=".\qpid\framing\ExchangeDeclareBody.cpp">
      <Filter>Source Files</Filter>
    </ClCompile>
    <ClCompile Include=".\qpid\framing\ExchangeDeleteBody.cpp">
      <Filter>Source Files</Filter>
    </ClCompile>
    <ClCompile Include=".\qpid\framing\ExchangeQueryBody.cpp">
      <Filter>Source Files</Filter>
    </ClCompile>
    <ClCompile Include=".\qpid\framing\ExchangeBindBody.cpp">
      <Filter>Source Files</Filter>
    </ClCompile>
    <ClCompile Include=".\qpid\framing\ExchangeUnbindBody.cpp">
      <Filter>Source Files</Filter>
    </ClCompile>
    <ClCompile Include=".\qpid\framing\ExchangeBoundBody.cpp">
      <Filter>Source Files</Filter>
    </ClCompile>
    <ClCompile Include=".\qpid\framing\QueueDeclareBody.cpp">
      <Filter>Source Files</Filter>
    </ClCompile>
    <ClCompile Include=".\qpid\framing\QueueDeleteBody.cpp">
      <Filter>Source Files</Filter>
    </ClCompile>
    <ClCompile Include=".\qpid\framing\QueuePurgeBody.cpp">
      <Filter>Source Files</Filter>
    </ClCompile>
    <ClCompile Include=".\qpid\framing\QueueQueryBody.cpp">
      <Filter>Source Files</Filter>
    </ClCompile>
    <ClCompile Include=".\qpid\framing\FileQosBody.cpp">
      <Filter>Source Files</Filter>
    </ClCompile>
    <ClCompile Include=".\qpid\framing\FileQosOkBody.cpp">
      <Filter>Source Files</Filter>
    </ClCompile>
    <ClCompile Include=".\qpid\framing\FileConsumeBody.cpp">
      <Filter>Source Files</Filter>
    </ClCompile>
    <ClCompile Include=".\qpid\framing\FileConsumeOkBody.cpp">
      <Filter>Source Files</Filter>
    </ClCompile>
    <ClCompile Include=".\qpid\framing\FileCancelBody.cpp">
      <Filter>Source Files</Filter>
    </ClCompile>
    <ClCompile Include=".\qpid\framing\FileOpenBody.cpp">
      <Filter>Source Files</Filter>
    </ClCompile>
    <ClCompile Include=".\qpid\framing\FileOpenOkBody.cpp">
      <Filter>Source Files</Filter>
    </ClCompile>
    <ClCompile Include=".\qpid\framing\FileStageBody.cpp">
      <Filter>Source Files</Filter>
    </ClCompile>
    <ClCompile Include=".\qpid\framing\FilePublishBody.cpp">
      <Filter>Source Files</Filter>
    </ClCompile>
    <ClCompile Include=".\qpid\framing\FileReturnBody.cpp">
      <Filter>Source Files</Filter>
    </ClCompile>
    <ClCompile Include=".\qpid\framing\FileDeliverBody.cpp">
      <Filter>Source Files</Filter>
    </ClCompile>
    <ClCompile Include=".\qpid\framing\FileAckBody.cpp">
      <Filter>Source Files</Filter>
    </ClCompile>
    <ClCompile Include=".\qpid\framing\FileRejectBody.cpp">
      <Filter>Source Files</Filter>
    </ClCompile>
    <ClCompile Include=".\qpid\framing\StreamQosBody.cpp">
      <Filter>Source Files</Filter>
    </ClCompile>
    <ClCompile Include=".\qpid\framing\StreamQosOkBody.cpp">
      <Filter>Source Files</Filter>
    </ClCompile>
    <ClCompile Include=".\qpid\framing\StreamConsumeBody.cpp">
      <Filter>Source Files</Filter>
    </ClCompile>
    <ClCompile Include=".\qpid\framing\StreamConsumeOkBody.cpp">
      <Filter>Source Files</Filter>
    </ClCompile>
    <ClCompile Include=".\qpid\framing\StreamCancelBody.cpp">
      <Filter>Source Files</Filter>
    </ClCompile>
    <ClCompile Include=".\qpid\framing\StreamPublishBody.cpp">
      <Filter>Source Files</Filter>
    </ClCompile>
    <ClCompile Include=".\qpid\framing\StreamReturnBody.cpp">
      <Filter>Source Files</Filter>
    </ClCompile>
    <ClCompile Include=".\qpid\framing\StreamDeliverBody.cpp">
      <Filter>Source Files</Filter>
    </ClCompile>
    <ClCompile Include=".\qpid\log\windows\SinkOptions.cpp">
      <Filter>Source Files</Filter>
    </ClCompile>
    <ClCompile Include=".\qpid\sys\windows\AsynchIO.cpp">
      <Filter>Source Files</Filter>
    </ClCompile>
    <ClCompile Include=".\qpid\sys\windows\Path.cpp">
      <Filter>Source Files</Filter>
    </ClCompile>
    <ClCompile Include=".\qpid\sys\windows\FileSysDir.cpp">
      <Filter>Source Files</Filter>
    </ClCompile>
    <ClCompile Include=".\qpid\sys\windows\IocpPoller.cpp">
      <Filter>Source Files</Filter>
    </ClCompile>
    <ClCompile Include=".\qpid\sys\windows\IOHandle.cpp">
      <Filter>Source Files</Filter>
    </ClCompile>
    <ClCompile Include=".\qpid\sys\windows\LockFile.cpp">
      <Filter>Source Files</Filter>
    </ClCompile>
    <ClCompile Include=".\qpid\sys\windows\MemoryMappedFile.cpp">
      <Filter>Source Files</Filter>
    </ClCompile>
    <ClCompile Include=".\qpid\sys\windows\PipeHandle.cpp">
      <Filter>Source Files</Filter>
    </ClCompile>
    <ClCompile Include=".\qpid\sys\windows\PollableCondition.cpp">
      <Filter>Source Files</Filter>
    </ClCompile>
    <ClCompile Include=".\qpid\sys\windows\Shlib.cpp">
      <Filter>Source Files</Filter>
    </ClCompile>
    <ClCompile Include=".\qpid\sys\windows\WinSocket.cpp">
      <Filter>Source Files</Filter>
    </ClCompile>
    <ClCompile Include=".\qpid\sys\windows\SocketAddress.cpp">
      <Filter>Source Files</Filter>
    </ClCompile>
    <ClCompile Include=".\qpid\sys\windows\StrError.cpp">
      <Filter>Source Files</Filter>
    </ClCompile>
    <ClCompile Include=".\qpid\sys\windows\SystemInfo.cpp">
      <Filter>Source Files</Filter>
    </ClCompile>
    <ClCompile Include=".\qpid\sys\windows\Thread.cpp">
      <Filter>Source Files</Filter>
    </ClCompile>
    <ClCompile Include=".\qpid\sys\windows\Time.cpp">
      <Filter>Source Files</Filter>
    </ClCompile>
    <ClCompile Include=".\qpid\client\windows\SaslFactory.cpp">
      <Filter>Source Files</Filter>
    </ClCompile>
    <ClCompile Include=".\qpid\sys\windows\SslAsynchIO.cpp">
      <Filter>Source Files</Filter>
    </ClCompile>
    <ClCompile Include=".\qpid\sys\windows\SslCredential.cpp">
      <Filter>Source Files</Filter>
    </ClCompile>
    <ClCompile Include=".\qpid\sys\windows\util.cpp">
      <Filter>Source Files</Filter>
    </ClCompile>
    <ClCompile Include=".\qpid\assert.cpp">
      <Filter>Source Files</Filter>
    </ClCompile>
    <ClCompile Include=".\qpid\AclHost.cpp">
      <Filter>Source Files</Filter>
    </ClCompile>
    <ClCompile Include=".\qpid\Address.cpp">
      <Filter>Source Files</Filter>
    </ClCompile>
    <ClCompile Include=".\qpid\DataDir.cpp">
      <Filter>Source Files</Filter>
    </ClCompile>
    <ClCompile Include=".\qpid\Exception.cpp">
      <Filter>Source Files</Filter>
    </ClCompile>
    <ClCompile Include=".\qpid\Modules.cpp">
      <Filter>Source Files</Filter>
    </ClCompile>
    <ClCompile Include=".\qpid\Options.cpp">
      <Filter>Source Files</Filter>
    </ClCompile>
    <ClCompile Include=".\qpid\Plugin.cpp">
      <Filter>Source Files</Filter>
    </ClCompile>
    <ClCompile Include=".\qpid\RefCountedBuffer.cpp">
      <Filter>Source Files</Filter>
    </ClCompile>
    <ClCompile Include=".\qpid\SessionState.cpp">
      <Filter>Source Files</Filter>
    </ClCompile>
    <ClCompile Include=".\qpid\SessionId.cpp">
      <Filter>Source Files</Filter>
    </ClCompile>
    <ClCompile Include=".\qpid\StringUtils.cpp">
      <Filter>Source Files</Filter>
    </ClCompile>
    <ClCompile Include=".\qpid\Url.cpp">
      <Filter>Source Files</Filter>
    </ClCompile>
    <ClCompile Include=".\qpid\UrlArray.cpp">
      <Filter>Source Files</Filter>
    </ClCompile>
    <ClCompile Include=".\qpid\NullSaslClient.cpp">
      <Filter>Source Files</Filter>
    </ClCompile>
    <ClCompile Include=".\qpid\NullSaslServer.cpp">
      <Filter>Source Files</Filter>
    </ClCompile>
    <ClCompile Include=".\qpid\amqp_0_10\SessionHandler.cpp">
      <Filter>Source Files</Filter>
    </ClCompile>
    <ClCompile Include=".\qpid\framing\AccumulatedAck.cpp">
      <Filter>Source Files</Filter>
    </ClCompile>
    <ClCompile Include=".\qpid\framing\AMQBody.cpp">
      <Filter>Source Files</Filter>
    </ClCompile>
    <ClCompile Include=".\qpid\framing\AMQMethodBody.cpp">
      <Filter>Source Files</Filter>
    </ClCompile>
    <ClCompile Include=".\qpid\framing\AMQContentBody.cpp">
      <Filter>Source Files</Filter>
    </ClCompile>
    <ClCompile Include=".\qpid\framing\AMQFrame.cpp">
      <Filter>Source Files</Filter>
    </ClCompile>
    <ClCompile Include=".\qpid\framing\AMQHeaderBody.cpp">
      <Filter>Source Files</Filter>
    </ClCompile>
    <ClCompile Include=".\qpid\framing\AMQHeartbeatBody.cpp">
      <Filter>Source Files</Filter>
    </ClCompile>
    <ClCompile Include=".\qpid\framing\Array.cpp">
      <Filter>Source Files</Filter>
    </ClCompile>
    <ClCompile Include=".\qpid\framing\Buffer.cpp">
      <Filter>Source Files</Filter>
    </ClCompile>
    <ClCompile Include=".\qpid\framing\FieldTable.cpp">
      <Filter>Source Files</Filter>
    </ClCompile>
    <ClCompile Include=".\qpid\framing\FieldValue.cpp">
      <Filter>Source Files</Filter>
    </ClCompile>
    <ClCompile Include=".\qpid\framing\FrameSet.cpp">
      <Filter>Source Files</Filter>
    </ClCompile>
    <ClCompile Include=".\qpid\framing\FrameDecoder.cpp">
      <Filter>Source Files</Filter>
    </ClCompile>
    <ClCompile Include=".\qpid\framing\List.cpp">
      <Filter>Source Files</Filter>
    </ClCompile>
    <ClCompile Include=".\qpid\framing\ProtocolInitiation.cpp">
      <Filter>Source Files</Filter>
    </ClCompile>
    <ClCompile Include=".\qpid\framing\ProtocolVersion.cpp">
      <Filter>Source Files</Filter>
    </ClCompile>
    <ClCompile Include=".\qpid\framing\SendContent.cpp">
      <Filter>Source Files</Filter>
    </ClCompile>
    <ClCompile Include=".\qpid\framing\SequenceNumber.cpp">
      <Filter>Source Files</Filter>
    </ClCompile>
    <ClCompile Include=".\qpid\framing\SequenceNumberSet.cpp">
      <Filter>Source Files</Filter>
    </ClCompile>
    <ClCompile Include=".\qpid\framing\SequenceSet.cpp">
      <Filter>Source Files</Filter>
    </ClCompile>
    <ClCompile Include=".\qpid\framing\Proxy.cpp">
      <Filter>Source Files</Filter>
    </ClCompile>
    <ClCompile Include=".\qpid\framing\Uuid.cpp">
      <Filter>Source Files</Filter>
    </ClCompile>
    <ClCompile Include=".\qpid\framing\TransferContent.cpp">
      <Filter>Source Files</Filter>
    </ClCompile>
    <ClCompile Include=".\qpid\log\Logger.cpp">
      <Filter>Source Files</Filter>
    </ClCompile>
    <ClCompile Include=".\qpid\log\Options.cpp">
      <Filter>Source Files</Filter>
    </ClCompile>
    <ClCompile Include=".\qpid\log\OstreamOutput.cpp">
      <Filter>Source Files</Filter>
    </ClCompile>
    <ClCompile Include=".\qpid\log\Selector.cpp">
      <Filter>Source Files</Filter>
    </ClCompile>
    <ClCompile Include=".\qpid\log\Statement.cpp">
      <Filter>Source Files</Filter>
    </ClCompile>
    <ClCompile Include=".\qpid\management\Buffer.cpp">
      <Filter>Source Files</Filter>
    </ClCompile>
    <ClCompile Include=".\qpid\management\ConnectionSettings.cpp">
      <Filter>Source Files</Filter>
    </ClCompile>
    <ClCompile Include=".\qpid\management\Mutex.cpp">
      <Filter>Source Files</Filter>
    </ClCompile>
    <ClCompile Include=".\qpid\management\Manageable.cpp">
      <Filter>Source Files</Filter>
    </ClCompile>
    <ClCompile Include=".\qpid\management\ManagementObject.cpp">
      <Filter>Source Files</Filter>
    </ClCompile>
    <ClCompile Include=".\qpid\sys\AggregateOutput.cpp">
      <Filter>Source Files</Filter>
    </ClCompile>
    <ClCompile Include=".\qpid\sys\AsynchIOHandler.cpp">
      <Filter>Source Files</Filter>
    </ClCompile>
    <ClCompile Include=".\qpid\sys\Dispatcher.cpp">
      <Filter>Source Files</Filter>
    </ClCompile>
    <ClCompile Include=".\qpid\sys\DispatchHandle.cpp">
      <Filter>Source Files</Filter>
    </ClCompile>
    <ClCompile Include=".\qpid\sys\Runnable.cpp">
      <Filter>Source Files</Filter>
    </ClCompile>
    <ClCompile Include=".\qpid\sys\Shlib.cpp">
      <Filter>Source Files</Filter>
    </ClCompile>
    <ClCompile Include=".\qpid\sys\Timer.cpp">
      <Filter>Source Files</Filter>
    </ClCompile>
    <ClCompile Include=".\qpid\sys\TimerWarnings.cpp">
      <Filter>Source Files</Filter>
    </ClCompile>
    <ClCompile Include=".\qpid\amqp_0_10\Codecs.cpp">
      <Filter>Source Files</Filter>
    </ClCompile>
    <ClCompile Include=".\qpid\amqp\CharSequence.cpp">
      <Filter>Source Files</Filter>
    </ClCompile>
    <ClCompile Include=".\qpid\amqp\DataBuilder.cpp">
      <Filter>Source Files</Filter>
    </ClCompile>
    <ClCompile Include=".\qpid\amqp\Decoder.cpp">
      <Filter>Source Files</Filter>
    </ClCompile>
    <ClCompile Include=".\qpid\amqp\Descriptor.cpp">
      <Filter>Source Files</Filter>
    </ClCompile>
    <ClCompile Include=".\qpid\amqp\Encoder.cpp">
      <Filter>Source Files</Filter>
    </ClCompile>
    <ClCompile Include=".\qpid\amqp\ListBuilder.cpp">
      <Filter>Source Files</Filter>
    </ClCompile>
    <ClCompile Include=".\qpid\amqp\MapEncoder.cpp">
      <Filter>Source Files</Filter>
    </ClCompile>
    <ClCompile Include=".\qpid\amqp\MapSizeCalculator.cpp">
      <Filter>Source Files</Filter>
    </ClCompile>
    <ClCompile Include=".\qpid\amqp\MapBuilder.cpp">
      <Filter>Source Files</Filter>
    </ClCompile>
    <ClCompile Include=".\qpid\amqp\MapReader.cpp">
      <Filter>Source Files</Filter>
    </ClCompile>
    <ClCompile Include=".\qpid\amqp\MessageEncoder.cpp">
      <Filter>Source Files</Filter>
    </ClCompile>
    <ClCompile Include=".\qpid\amqp\MessageId.cpp">
      <Filter>Source Files</Filter>
    </ClCompile>
    <ClCompile Include=".\qpid\amqp\MessageReader.cpp">
      <Filter>Source Files</Filter>
    </ClCompile>
    <ClCompile Include=".\qpid\amqp\Sasl.cpp">
      <Filter>Source Files</Filter>
    </ClCompile>
    <ClCompile Include=".\qpid\amqp\SaslClient.cpp">
      <Filter>Source Files</Filter>
    </ClCompile>
    <ClCompile Include=".\qpid\amqp\SaslServer.cpp">
      <Filter>Source Files</Filter>
    </ClCompile>
    <ClCompile Include=".\qpid\messaging\amqp\Transport.cpp">
      <Filter>Source Files</Filter>
    </ClCompile>
    <ClCompile Include=".\qpid\sys\MemStat.cpp">
      <Filter>Source Files</Filter>
    </ClCompile>
  </ItemGroup>
  <ItemGroup>
    <ClInclude Include=".\qpid\framing\all_method_bodies.h">
      <Filter>Header Files</Filter>
    </ClInclude>
    <ClInclude Include="..\include\qpid\framing\constants.h">
      <Filter>Header Files</Filter>
    </ClInclude>
    <ClInclude Include="..\include\qpid\framing\enum.h">
      <Filter>Header Files</Filter>
    </ClInclude>
    <ClInclude Include="..\include\qpid\framing\reply_exceptions.h">
      <Filter>Header Files</Filter>
    </ClInclude>
    <ClInclude Include="..\include\qpid\framing\TypeCode.h">
      <Filter>Header Files</Filter>
    </ClInclude>
    <ClInclude Include=".\qpid\framing\frame_body_lists.h">
      <Filter>Header Files</Filter>
    </ClInclude>
    <ClInclude Include=".\qpid\framing\MethodBodyConstVisitor.h">
      <Filter>Header Files</Filter>
    </ClInclude>
    <ClInclude Include=".\qpid\framing\MethodBodyDefaultVisitor.h">
      <Filter>Header Files</Filter>
    </ClInclude>
    <ClInclude Include=".\qpid\framing\AMQP_ClientOperations.h">
      <Filter>Header Files</Filter>
    </ClInclude>
    <ClInclude Include=".\qpid\framing\AMQP_ServerOperations.h">
      <Filter>Header Files</Filter>
    </ClInclude>
    <ClInclude Include=".\qpid\framing\AMQP_AllOperations.h">
      <Filter>Header Files</Filter>
    </ClInclude>
    <ClInclude Include=".\qpid\framing\ClientInvoker.h">
      <Filter>Header Files</Filter>
    </ClInclude>
    <ClInclude Include=".\qpid\framing\ServerInvoker.h">
      <Filter>Header Files</Filter>
    </ClInclude>
    <ClInclude Include=".\qpid\framing\AllInvoker.h">
      <Filter>Header Files</Filter>
    </ClInclude>
    <ClInclude Include=".\qpid\framing\AMQP_ClientProxy.h">
      <Filter>Header Files</Filter>
    </ClInclude>
    <ClInclude Include=".\qpid\framing\AMQP_ServerProxy.h">
      <Filter>Header Files</Filter>
    </ClInclude>
    <ClInclude Include=".\qpid\framing\AMQP_AllProxy.h">
      <Filter>Header Files</Filter>
    </ClInclude>
    <ClInclude Include="..\include\qpid\framing\Header.h">
      <Filter>Header Files</Filter>
    </ClInclude>
    <ClInclude Include="..\include\qpid\framing\DeliveryProperties.h">
      <Filter>Header Files</Filter>
    </ClInclude>
    <ClInclude Include="..\include\qpid\framing\FragmentProperties.h">
      <Filter>Header Files</Filter>
    </ClInclude>
    <ClInclude Include="..\include\qpid\framing\ReplyTo.h">
      <Filter>Header Files</Filter>
    </ClInclude>
    <ClInclude Include="..\include\qpid\framing\MessageProperties.h">
      <Filter>Header Files</Filter>
    </ClInclude>
    <ClInclude Include="..\include\qpid\framing\MessageAcquireResult.h">
      <Filter>Header Files</Filter>
    </ClInclude>
    <ClInclude Include="..\include\qpid\framing\MessageResumeResult.h">
      <Filter>Header Files</Filter>
    </ClInclude>
    <ClInclude Include="..\include\qpid\framing\XaResult.h">
      <Filter>Header Files</Filter>
    </ClInclude>
    <ClInclude Include="..\include\qpid\framing\Xid.h">
      <Filter>Header Files</Filter>
    </ClInclude>
    <ClInclude Include="..\include\qpid\framing\DtxGetTimeoutResult.h">
      <Filter>Header Files</Filter>
    </ClInclude>
    <ClInclude Include="..\include\qpid\framing\DtxRecoverResult.h">
      <Filter>Header Files</Filter>
    </ClInclude>
    <ClInclude Include="..\include\qpid\framing\ExchangeQueryResult.h">
      <Filter>Header Files</Filter>
    </ClInclude>
    <ClInclude Include="..\include\qpid\framing\ExchangeBoundResult.h">
      <Filter>Header Files</Filter>
    </ClInclude>
    <ClInclude Include="..\include\qpid\framing\QueueQueryResult.h">
      <Filter>Header Files</Filter>
    </ClInclude>
    <ClInclude Include="..\include\qpid\framing\FileProperties.h">
      <Filter>Header Files</Filter>
    </ClInclude>
    <ClInclude Include="..\include\qpid\framing\StreamProperties.h">
      <Filter>Header Files</Filter>
    </ClInclude>
    <ClInclude Include=".\qpid\framing\ConnectionStartBody.h">
      <Filter>Header Files</Filter>
    </ClInclude>
    <ClInclude Include=".\qpid\framing\ConnectionStartOkBody.h">
      <Filter>Header Files</Filter>
    </ClInclude>
    <ClInclude Include=".\qpid\framing\ConnectionSecureBody.h">
      <Filter>Header Files</Filter>
    </ClInclude>
    <ClInclude Include=".\qpid\framing\ConnectionSecureOkBody.h">
      <Filter>Header Files</Filter>
    </ClInclude>
    <ClInclude Include=".\qpid\framing\ConnectionTuneBody.h">
      <Filter>Header Files</Filter>
    </ClInclude>
    <ClInclude Include=".\qpid\framing\ConnectionTuneOkBody.h">
      <Filter>Header Files</Filter>
    </ClInclude>
    <ClInclude Include=".\qpid\framing\ConnectionOpenBody.h">
      <Filter>Header Files</Filter>
    </ClInclude>
    <ClInclude Include=".\qpid\framing\ConnectionOpenOkBody.h">
      <Filter>Header Files</Filter>
    </ClInclude>
    <ClInclude Include=".\qpid\framing\ConnectionRedirectBody.h">
      <Filter>Header Files</Filter>
    </ClInclude>
    <ClInclude Include=".\qpid\framing\ConnectionHeartbeatBody.h">
      <Filter>Header Files</Filter>
    </ClInclude>
    <ClInclude Include=".\qpid\framing\ConnectionCloseBody.h">
      <Filter>Header Files</Filter>
    </ClInclude>
    <ClInclude Include=".\qpid\framing\ConnectionCloseOkBody.h">
      <Filter>Header Files</Filter>
    </ClInclude>
    <ClInclude Include=".\qpid\framing\SessionAttachBody.h">
      <Filter>Header Files</Filter>
    </ClInclude>
    <ClInclude Include=".\qpid\framing\SessionAttachedBody.h">
      <Filter>Header Files</Filter>
    </ClInclude>
    <ClInclude Include=".\qpid\framing\SessionDetachBody.h">
      <Filter>Header Files</Filter>
    </ClInclude>
    <ClInclude Include=".\qpid\framing\SessionDetachedBody.h">
      <Filter>Header Files</Filter>
    </ClInclude>
    <ClInclude Include=".\qpid\framing\SessionRequestTimeoutBody.h">
      <Filter>Header Files</Filter>
    </ClInclude>
    <ClInclude Include=".\qpid\framing\SessionTimeoutBody.h">
      <Filter>Header Files</Filter>
    </ClInclude>
    <ClInclude Include=".\qpid\framing\SessionCommandPointBody.h">
      <Filter>Header Files</Filter>
    </ClInclude>
    <ClInclude Include=".\qpid\framing\SessionExpectedBody.h">
      <Filter>Header Files</Filter>
    </ClInclude>
    <ClInclude Include=".\qpid\framing\SessionConfirmedBody.h">
      <Filter>Header Files</Filter>
    </ClInclude>
    <ClInclude Include=".\qpid\framing\SessionCompletedBody.h">
      <Filter>Header Files</Filter>
    </ClInclude>
    <ClInclude Include=".\qpid\framing\SessionKnownCompletedBody.h">
      <Filter>Header Files</Filter>
    </ClInclude>
    <ClInclude Include=".\qpid\framing\SessionFlushBody.h">
      <Filter>Header Files</Filter>
    </ClInclude>
    <ClInclude Include=".\qpid\framing\SessionGapBody.h">
      <Filter>Header Files</Filter>
    </ClInclude>
    <ClInclude Include=".\qpid\framing\ExecutionSyncBody.h">
      <Filter>Header Files</Filter>
    </ClInclude>
    <ClInclude Include=".\qpid\framing\ExecutionResultBody.h">
      <Filter>Header Files</Filter>
    </ClInclude>
    <ClInclude Include=".\qpid\framing\ExecutionExceptionBody.h">
      <Filter>Header Files</Filter>
    </ClInclude>
    <ClInclude Include=".\qpid\framing\MessageTransferBody.h">
      <Filter>Header Files</Filter>
    </ClInclude>
    <ClInclude Include=".\qpid\framing\MessageAcceptBody.h">
      <Filter>Header Files</Filter>
    </ClInclude>
    <ClInclude Include=".\qpid\framing\MessageRejectBody.h">
      <Filter>Header Files</Filter>
    </ClInclude>
    <ClInclude Include=".\qpid\framing\MessageReleaseBody.h">
      <Filter>Header Files</Filter>
    </ClInclude>
    <ClInclude Include=".\qpid\framing\MessageAcquireBody.h">
      <Filter>Header Files</Filter>
    </ClInclude>
    <ClInclude Include=".\qpid\framing\MessageResumeBody.h">
      <Filter>Header Files</Filter>
    </ClInclude>
    <ClInclude Include=".\qpid\framing\MessageSubscribeBody.h">
      <Filter>Header Files</Filter>
    </ClInclude>
    <ClInclude Include=".\qpid\framing\MessageCancelBody.h">
      <Filter>Header Files</Filter>
    </ClInclude>
    <ClInclude Include=".\qpid\framing\MessageSetFlowModeBody.h">
      <Filter>Header Files</Filter>
    </ClInclude>
    <ClInclude Include=".\qpid\framing\MessageFlowBody.h">
      <Filter>Header Files</Filter>
    </ClInclude>
    <ClInclude Include=".\qpid\framing\MessageFlushBody.h">
      <Filter>Header Files</Filter>
    </ClInclude>
    <ClInclude Include=".\qpid\framing\MessageStopBody.h">
      <Filter>Header Files</Filter>
    </ClInclude>
    <ClInclude Include=".\qpid\framing\TxSelectBody.h">
      <Filter>Header Files</Filter>
    </ClInclude>
    <ClInclude Include=".\qpid\framing\TxCommitBody.h">
      <Filter>Header Files</Filter>
    </ClInclude>
    <ClInclude Include=".\qpid\framing\TxRollbackBody.h">
      <Filter>Header Files</Filter>
    </ClInclude>
    <ClInclude Include=".\qpid\framing\DtxSelectBody.h">
      <Filter>Header Files</Filter>
    </ClInclude>
    <ClInclude Include=".\qpid\framing\DtxStartBody.h">
      <Filter>Header Files</Filter>
    </ClInclude>
    <ClInclude Include=".\qpid\framing\DtxEndBody.h">
      <Filter>Header Files</Filter>
    </ClInclude>
    <ClInclude Include=".\qpid\framing\DtxCommitBody.h">
      <Filter>Header Files</Filter>
    </ClInclude>
    <ClInclude Include=".\qpid\framing\DtxForgetBody.h">
      <Filter>Header Files</Filter>
    </ClInclude>
    <ClInclude Include=".\qpid\framing\DtxGetTimeoutBody.h">
      <Filter>Header Files</Filter>
    </ClInclude>
    <ClInclude Include=".\qpid\framing\DtxPrepareBody.h">
      <Filter>Header Files</Filter>
    </ClInclude>
    <ClInclude Include=".\qpid\framing\DtxRecoverBody.h">
      <Filter>Header Files</Filter>
    </ClInclude>
    <ClInclude Include=".\qpid\framing\DtxRollbackBody.h">
      <Filter>Header Files</Filter>
    </ClInclude>
    <ClInclude Include=".\qpid\framing\DtxSetTimeoutBody.h">
      <Filter>Header Files</Filter>
    </ClInclude>
    <ClInclude Include=".\qpid\framing\ExchangeDeclareBody.h">
      <Filter>Header Files</Filter>
    </ClInclude>
    <ClInclude Include=".\qpid\framing\ExchangeDeleteBody.h">
      <Filter>Header Files</Filter>
    </ClInclude>
    <ClInclude Include=".\qpid\framing\ExchangeQueryBody.h">
      <Filter>Header Files</Filter>
    </ClInclude>
    <ClInclude Include=".\qpid\framing\ExchangeBindBody.h">
      <Filter>Header Files</Filter>
    </ClInclude>
    <ClInclude Include=".\qpid\framing\ExchangeUnbindBody.h">
      <Filter>Header Files</Filter>
    </ClInclude>
    <ClInclude Include=".\qpid\framing\ExchangeBoundBody.h">
      <Filter>Header Files</Filter>
    </ClInclude>
    <ClInclude Include=".\qpid\framing\QueueDeclareBody.h">
      <Filter>Header Files</Filter>
    </ClInclude>
    <ClInclude Include=".\qpid\framing\QueueDeleteBody.h">
      <Filter>Header Files</Filter>
    </ClInclude>
    <ClInclude Include=".\qpid\framing\QueuePurgeBody.h">
      <Filter>Header Files</Filter>
    </ClInclude>
    <ClInclude Include=".\qpid\framing\QueueQueryBody.h">
      <Filter>Header Files</Filter>
    </ClInclude>
    <ClInclude Include=".\qpid\framing\FileQosBody.h">
      <Filter>Header Files</Filter>
    </ClInclude>
    <ClInclude Include=".\qpid\framing\FileQosOkBody.h">
      <Filter>Header Files</Filter>
    </ClInclude>
    <ClInclude Include=".\qpid\framing\FileConsumeBody.h">
      <Filter>Header Files</Filter>
    </ClInclude>
    <ClInclude Include=".\qpid\framing\FileConsumeOkBody.h">
      <Filter>Header Files</Filter>
    </ClInclude>
    <ClInclude Include=".\qpid\framing\FileCancelBody.h">
      <Filter>Header Files</Filter>
    </ClInclude>
    <ClInclude Include=".\qpid\framing\FileOpenBody.h">
      <Filter>Header Files</Filter>
    </ClInclude>
    <ClInclude Include=".\qpid\framing\FileOpenOkBody.h">
      <Filter>Header Files</Filter>
    </ClInclude>
    <ClInclude Include=".\qpid\framing\FileStageBody.h">
      <Filter>Header Files</Filter>
    </ClInclude>
    <ClInclude Include=".\qpid\framing\FilePublishBody.h">
      <Filter>Header Files</Filter>
    </ClInclude>
    <ClInclude Include=".\qpid\framing\FileReturnBody.h">
      <Filter>Header Files</Filter>
    </ClInclude>
    <ClInclude Include=".\qpid\framing\FileDeliverBody.h">
      <Filter>Header Files</Filter>
    </ClInclude>
    <ClInclude Include=".\qpid\framing\FileAckBody.h">
      <Filter>Header Files</Filter>
    </ClInclude>
    <ClInclude Include=".\qpid\framing\FileRejectBody.h">
      <Filter>Header Files</Filter>
    </ClInclude>
    <ClInclude Include=".\qpid\framing\StreamQosBody.h">
      <Filter>Header Files</Filter>
    </ClInclude>
    <ClInclude Include=".\qpid\framing\StreamQosOkBody.h">
      <Filter>Header Files</Filter>
    </ClInclude>
    <ClInclude Include=".\qpid\framing\StreamConsumeBody.h">
      <Filter>Header Files</Filter>
    </ClInclude>
    <ClInclude Include=".\qpid\framing\StreamConsumeOkBody.h">
      <Filter>Header Files</Filter>
    </ClInclude>
    <ClInclude Include=".\qpid\framing\StreamCancelBody.h">
      <Filter>Header Files</Filter>
    </ClInclude>
    <ClInclude Include=".\qpid\framing\StreamPublishBody.h">
      <Filter>Header Files</Filter>
    </ClInclude>
    <ClInclude Include=".\qpid\framing\StreamReturnBody.h">
      <Filter>Header Files</Filter>
    </ClInclude>
    <ClInclude Include=".\qpid\framing\StreamDeliverBody.h">
      <Filter>Header Files</Filter>
    </ClInclude>
    <ClInclude Include="..\include\qpid\framing\amqp_structs.h">
      <Filter>Header Files</Filter>
    </ClInclude>
    <ClInclude Include=".\qpid\sys\windows\SslCredential.h">
      <Filter>Header Files</Filter>
    </ClInclude>
    <ClInclude Include=".\qpid\sys\windows\util.h">
      <Filter>Header Files</Filter>
    </ClInclude>
    <ClInclude Include=".\qpid\amqp\CharSequence.h">
      <Filter>Header Files</Filter>
    </ClInclude>
    <ClInclude Include=".\qpid\amqp\DataBuilder.h">
      <Filter>Header Files</Filter>
    </ClInclude>
    <ClInclude Include=".\qpid\amqp\Decoder.h">
      <Filter>Header Files</Filter>
    </ClInclude>
    <ClInclude Include=".\qpid\amqp\Descriptor.h">
      <Filter>Header Files</Filter>
    </ClInclude>
    <ClInclude Include=".\qpid\amqp\Encoder.h">
      <Filter>Header Files</Filter>
    </ClInclude>
    <ClInclude Include=".\qpid\amqp\ListBuilder.h">
      <Filter>Header Files</Filter>
    </ClInclude>
    <ClInclude Include=".\qpid\amqp\MapHandler.h">
      <Filter>Header Files</Filter>
    </ClInclude>
    <ClInclude Include=".\qpid\amqp\MapEncoder.h">
      <Filter>Header Files</Filter>
    </ClInclude>
    <ClInclude Include=".\qpid\amqp\MapSizeCalculator.h">
      <Filter>Header Files</Filter>
    </ClInclude>
    <ClInclude Include=".\qpid\amqp\MapBuilder.h">
      <Filter>Header Files</Filter>
    </ClInclude>
    <ClInclude Include=".\qpid\amqp\MapReader.h">
      <Filter>Header Files</Filter>
    </ClInclude>
    <ClInclude Include=".\qpid\amqp\MessageEncoder.h">
      <Filter>Header Files</Filter>
    </ClInclude>
    <ClInclude Include=".\qpid\amqp\MessageId.h">
      <Filter>Header Files</Filter>
    </ClInclude>
    <ClInclude Include=".\qpid\amqp\MessageReader.h">
      <Filter>Header Files</Filter>
    </ClInclude>
    <ClInclude Include=".\qpid\amqp\Reader.h">
      <Filter>Header Files</Filter>
    </ClInclude>
    <ClInclude Include=".\qpid\amqp\Sasl.h">
      <Filter>Header Files</Filter>
    </ClInclude>
    <ClInclude Include=".\qpid\amqp\SaslClient.h">
      <Filter>Header Files</Filter>
    </ClInclude>
    <ClInclude Include=".\qpid\amqp\SaslServer.h">
      <Filter>Header Files</Filter>
    </ClInclude>
    <ClInclude Include=".\qpid\messaging\amqp\Transport.h">
      <Filter>Header Files</Filter>
    </ClInclude>
    <ClInclude Include=".\qpid\messaging\amqp\TransportContext.h">
      <Filter>Header Files</Filter>
    </ClInclude>
  </ItemGroup>
  <ItemGroup>
    <Filter Include="Header Files">
      <UniqueIdentifier>{DD29CA2B-18E8-3D6C-9FBF-922F7EC60AF3}</UniqueIdentifier>
    </Filter>
    <Filter Include="Source Files">
      <UniqueIdentifier>{200479CF-CC1F-3FDD-B530-F3B5336BC87F}</UniqueIdentifier>
    </Filter>
  </ItemGroup>
</Project>
