<?xml version="1.0" encoding="utf-8"?>
<Project ToolsVersion="15.0" xmlns="http://schemas.microsoft.com/developer/msbuild/2003">
  <ItemGroup>
    <ClCompile Include=".\qmf\org\apache\qpid\broker\System.cpp">
      <Filter>Source Files</Filter>
    </ClCompile>
    <ClCompile Include=".\qmf\org\apache\qpid\broker\Memory.cpp">
      <Filter>Source Files</Filter>
    </ClCompile>
    <ClCompile Include=".\qmf\org\apache\qpid\broker\Broker.cpp">
      <Filter>Source Files</Filter>
    </ClCompile>
    <ClCompile Include=".\qmf\org\apache\qpid\broker\Agent.cpp">
      <Filter>Source Files</Filter>
    </ClCompile>
    <ClCompile Include=".\qmf\org\apache\qpid\broker\Vhost.cpp">
      <Filter>Source Files</Filter>
    </ClCompile>
    <ClCompile Include=".\qmf\org\apache\qpid\broker\Queue.cpp">
      <Filter>Source Files</Filter>
    </ClCompile>
    <ClCompile Include=".\qmf\org\apache\qpid\broker\Exchange.cpp">
      <Filter>Source Files</Filter>
    </ClCompile>
    <ClCompile Include=".\qmf\org\apache\qpid\broker\Binding.cpp">
      <Filter>Source Files</Filter>
    </ClCompile>
    <ClCompile Include=".\qmf\org\apache\qpid\broker\Subscription.cpp">
      <Filter>Source Files</Filter>
    </ClCompile>
    <ClCompile Include=".\qmf\org\apache\qpid\broker\Connection.cpp">
      <Filter>Source Files</Filter>
    </ClCompile>
    <ClCompile Include=".\qmf\org\apache\qpid\broker\Incoming.cpp">
      <Filter>Source Files</Filter>
    </ClCompile>
    <ClCompile Include=".\qmf\org\apache\qpid\broker\Outgoing.cpp">
      <Filter>Source Files</Filter>
    </ClCompile>
    <ClCompile Include=".\qmf\org\apache\qpid\broker\Domain.cpp">
      <Filter>Source Files</Filter>
    </ClCompile>
    <ClCompile Include=".\qmf\org\apache\qpid\broker\Topic.cpp">
      <Filter>Source Files</Filter>
    </ClCompile>
    <ClCompile Include=".\qmf\org\apache\qpid\broker\QueuePolicy.cpp">
      <Filter>Source Files</Filter>
    </ClCompile>
    <ClCompile Include=".\qmf\org\apache\qpid\broker\TopicPolicy.cpp">
      <Filter>Source Files</Filter>
    </ClCompile>
    <ClCompile Include=".\qmf\org\apache\qpid\broker\Link.cpp">
      <Filter>Source Files</Filter>
    </ClCompile>
    <ClCompile Include=".\qmf\org\apache\qpid\broker\Bridge.cpp">
      <Filter>Source Files</Filter>
    </ClCompile>
    <ClCompile Include=".\qmf\org\apache\qpid\broker\Session.cpp">
      <Filter>Source Files</Filter>
    </ClCompile>
    <ClCompile Include=".\qmf\org\apache\qpid\broker\ManagementSetupState.cpp">
      <Filter>Source Files</Filter>
    </ClCompile>
    <ClCompile Include=".\qmf\org\apache\qpid\broker\EventClientConnect.cpp">
      <Filter>Source Files</Filter>
    </ClCompile>
    <ClCompile Include=".\qmf\org\apache\qpid\broker\EventClientConnectFail.cpp">
      <Filter>Source Files</Filter>
    </ClCompile>
    <ClCompile Include=".\qmf\org\apache\qpid\broker\EventClientDisconnect.cpp">
      <Filter>Source Files</Filter>
    </ClCompile>
    <ClCompile Include=".\qmf\org\apache\qpid\broker\EventBrokerLinkUp.cpp">
      <Filter>Source Files</Filter>
    </ClCompile>
    <ClCompile Include=".\qmf\org\apache\qpid\broker\EventBrokerLinkDown.cpp">
      <Filter>Source Files</Filter>
    </ClCompile>
    <ClCompile Include=".\qmf\org\apache\qpid\broker\EventQueueDeclare.cpp">
      <Filter>Source Files</Filter>
    </ClCompile>
    <ClCompile Include=".\qmf\org\apache\qpid\broker\EventQueueDelete.cpp">
      <Filter>Source Files</Filter>
    </ClCompile>
    <ClCompile Include=".\qmf\org\apache\qpid\broker\EventExchangeDeclare.cpp">
      <Filter>Source Files</Filter>
    </ClCompile>
    <ClCompile Include=".\qmf\org\apache\qpid\broker\EventExchangeDelete.cpp">
      <Filter>Source Files</Filter>
    </ClCompile>
    <ClCompile Include=".\qmf\org\apache\qpid\broker\EventBind.cpp">
      <Filter>Source Files</Filter>
    </ClCompile>
    <ClCompile Include=".\qmf\org\apache\qpid\broker\EventUnbind.cpp">
      <Filter>Source Files</Filter>
    </ClCompile>
    <ClCompile Include=".\qmf\org\apache\qpid\broker\EventSubscribe.cpp">
      <Filter>Source Files</Filter>
    </ClCompile>
    <ClCompile Include=".\qmf\org\apache\qpid\broker\EventUnsubscribe.cpp">
      <Filter>Source Files</Filter>
    </ClCompile>
    <ClCompile Include=".\qmf\org\apache\qpid\broker\EventQueueThresholdCrossedUpward.cpp">
      <Filter>Source Files</Filter>
    </ClCompile>
    <ClCompile Include=".\qmf\org\apache\qpid\broker\EventQueueThresholdCrossedDownward.cpp">
      <Filter>Source Files</Filter>
    </ClCompile>
    <ClCompile Include=".\qmf\org\apache\qpid\broker\EventQueueRedirect.cpp">
      <Filter>Source Files</Filter>
    </ClCompile>
    <ClCompile Include=".\qmf\org\apache\qpid\broker\EventQueueRedirectCancelled.cpp">
      <Filter>Source Files</Filter>
    </ClCompile>
    <ClCompile Include=".\qmf\org\apache\qpid\broker\EventQueueThresholdExceeded.cpp">
      <Filter>Source Files</Filter>
    </ClCompile>
    <ClCompile Include=".\qmf\org\apache\qpid\broker\Package.cpp">
      <Filter>Source Files</Filter>
    </ClCompile>
    <ClCompile Include=".\qmf\org\apache\qpid\acl\Acl.cpp">
      <Filter>Source Files</Filter>
    </ClCompile>
    <ClCompile Include=".\qmf\org\apache\qpid\acl\EventAllow.cpp">
      <Filter>Source Files</Filter>
    </ClCompile>
    <ClCompile Include=".\qmf\org\apache\qpid\acl\EventDeny.cpp">
      <Filter>Source Files</Filter>
    </ClCompile>
    <ClCompile Include=".\qmf\org\apache\qpid\acl\EventConnectionDeny.cpp">
      <Filter>Source Files</Filter>
    </ClCompile>
    <ClCompile Include=".\qmf\org\apache\qpid\acl\EventQueueQuotaDeny.cpp">
      <Filter>Source Files</Filter>
    </ClCompile>
    <ClCompile Include=".\qmf\org\apache\qpid\acl\EventFileLoaded.cpp">
      <Filter>Source Files</Filter>
    </ClCompile>
    <ClCompile Include=".\qmf\org\apache\qpid\acl\EventFileLoadFailed.cpp">
      <Filter>Source Files</Filter>
    </ClCompile>
    <ClCompile Include=".\qmf\org\apache\qpid\acl\Package.cpp">
      <Filter>Source Files</Filter>
    </ClCompile>
    <ClCompile Include=".\qmf\org\apache\qpid\ha\HaBroker.cpp">
      <Filter>Source Files</Filter>
    </ClCompile>
    <ClCompile Include=".\qmf\org\apache\qpid\ha\EventMembersUpdate.cpp">
      <Filter>Source Files</Filter>
    </ClCompile>
    <ClCompile Include=".\qmf\org\apache\qpid\ha\Package.cpp">
      <Filter>Source Files</Filter>
    </ClCompile>
    <ClCompile Include=".\qmf\org\apache\qpid\legacystore\Store.cpp">
      <Filter>Source Files</Filter>
    </ClCompile>
    <ClCompile Include=".\qmf\org\apache\qpid\legacystore\Journal.cpp">
      <Filter>Source Files</Filter>
    </ClCompile>
    <ClCompile Include=".\qmf\org\apache\qpid\legacystore\EventEnqThresholdExceeded.cpp">
      <Filter>Source Files</Filter>
    </ClCompile>
    <ClCompile Include=".\qmf\org\apache\qpid\legacystore\EventCreated.cpp">
      <Filter>Source Files</Filter>
    </ClCompile>
    <ClCompile Include=".\qmf\org\apache\qpid\legacystore\EventFull.cpp">
      <Filter>Source Files</Filter>
    </ClCompile>
    <ClCompile Include=".\qmf\org\apache\qpid\legacystore\EventRecovered.cpp">
      <Filter>Source Files</Filter>
    </ClCompile>
    <ClCompile Include=".\qmf\org\apache\qpid\legacystore\Package.cpp">
      <Filter>Source Files</Filter>
    </ClCompile>
    <ClCompile Include=".\qmf\org\apache\qpid\linearstore\Store.cpp">
      <Filter>Source Files</Filter>
    </ClCompile>
    <ClCompile Include=".\qmf\org\apache\qpid\linearstore\Journal.cpp">
      <Filter>Source Files</Filter>
    </ClCompile>
    <ClCompile Include=".\qmf\org\apache\qpid\linearstore\Package.cpp">
      <Filter>Source Files</Filter>
    </ClCompile>
    <ClCompile Include=".\qpid\broker\windows\BrokerDefaults.cpp">
      <Filter>Source Files</Filter>
    </ClCompile>
    <ClCompile Include=".\qpid\broker\windows\SaslAuthenticator.cpp">
      <Filter>Source Files</Filter>
    </ClCompile>
    <ClCompile Include=".\qpid\acl\Acl.cpp">
      <Filter>Source Files</Filter>
    </ClCompile>
    <ClCompile Include=".\qpid\acl\AclConnectionCounter.cpp">
      <Filter>Source Files</Filter>
    </ClCompile>
    <ClCompile Include=".\qpid\acl\AclData.cpp">
      <Filter>Source Files</Filter>
    </ClCompile>
    <ClCompile Include=".\qpid\acl\AclLexer.cpp">
      <Filter>Source Files</Filter>
    </ClCompile>
    <ClCompile Include=".\qpid\acl\AclPlugin.cpp">
      <Filter>Source Files</Filter>
    </ClCompile>
    <ClCompile Include=".\qpid\acl\AclReader.cpp">
      <Filter>Source Files</Filter>
    </ClCompile>
    <ClCompile Include=".\qpid\acl\AclResourceCounter.cpp">
      <Filter>Source Files</Filter>
    </ClCompile>
    <ClCompile Include=".\qpid\acl\AclValidator.cpp">
      <Filter>Source Files</Filter>
    </ClCompile>
    <ClCompile Include=".\qpid\broker\windows\SslProtocolFactory.cpp">
      <Filter>Source Files</Filter>
    </ClCompile>
    <ClCompile Include=".\qpid\amqp_0_10\Connection.cpp">
      <Filter>Source Files</Filter>
    </ClCompile>
    <ClCompile Include=".\qpid\broker\AsyncCommandCallback.cpp">
      <Filter>Source Files</Filter>
    </ClCompile>
    <ClCompile Include=".\qpid\broker\Broker.cpp">
      <Filter>Source Files</Filter>
    </ClCompile>
    <ClCompile Include=".\qpid\broker\Credit.cpp">
      <Filter>Source Files</Filter>
    </ClCompile>
    <ClCompile Include=".\qpid\broker\Exchange.cpp">
      <Filter>Source Files</Filter>
    </ClCompile>
    <ClCompile Include=".\qpid\broker\Fairshare.cpp">
      <Filter>Source Files</Filter>
    </ClCompile>
    <ClCompile Include=".\qpid\broker\MessageDeque.cpp">
      <Filter>Source Files</Filter>
    </ClCompile>
    <ClCompile Include=".\qpid\broker\MessageMap.cpp">
      <Filter>Source Files</Filter>
    </ClCompile>
    <ClCompile Include=".\qpid\broker\ObjectFactory.cpp">
      <Filter>Source Files</Filter>
    </ClCompile>
    <ClCompile Include=".\qpid\broker\PriorityQueue.cpp">
      <Filter>Source Files</Filter>
    </ClCompile>
    <ClCompile Include=".\qpid\broker\Protocol.cpp">
      <Filter>Source Files</Filter>
    </ClCompile>
    <ClCompile Include=".\qpid\broker\Queue.cpp">
      <Filter>Source Files</Filter>
    </ClCompile>
    <ClCompile Include=".\qpid\broker\QueueCleaner.cpp">
      <Filter>Source Files</Filter>
    </ClCompile>
    <ClCompile Include=".\qpid\broker\QueueListeners.cpp">
      <Filter>Source Files</Filter>
    </ClCompile>
    <ClCompile Include=".\qpid\broker\FifoDistributor.cpp">
      <Filter>Source Files</Filter>
    </ClCompile>
    <ClCompile Include=".\qpid\broker\MessageGroupManager.cpp">
      <Filter>Source Files</Filter>
    </ClCompile>
    <ClCompile Include=".\qpid\broker\PersistableMessage.cpp">
      <Filter>Source Files</Filter>
    </ClCompile>
    <ClCompile Include=".\qpid\broker\PersistableObject.cpp">
      <Filter>Source Files</Filter>
    </ClCompile>
    <ClCompile Include=".\qpid\broker\Bridge.cpp">
      <Filter>Source Files</Filter>
    </ClCompile>
    <ClCompile Include=".\qpid\broker\amqp_0_10\Connection.cpp">
      <Filter>Source Files</Filter>
    </ClCompile>
    <ClCompile Include=".\qpid\broker\ConnectionHandler.cpp">
      <Filter>Source Files</Filter>
    </ClCompile>
    <ClCompile Include=".\qpid\broker\DeliverableMessage.cpp">
      <Filter>Source Files</Filter>
    </ClCompile>
    <ClCompile Include=".\qpid\broker\DeliveryRecord.cpp">
      <Filter>Source Files</Filter>
    </ClCompile>
    <ClCompile Include=".\qpid\broker\DirectExchange.cpp">
      <Filter>Source Files</Filter>
    </ClCompile>
    <ClCompile Include=".\qpid\broker\DtxAck.cpp">
      <Filter>Source Files</Filter>
    </ClCompile>
    <ClCompile Include=".\qpid\broker\DtxBuffer.cpp">
      <Filter>Source Files</Filter>
    </ClCompile>
    <ClCompile Include=".\qpid\broker\DtxManager.cpp">
      <Filter>Source Files</Filter>
    </ClCompile>
    <ClCompile Include=".\qpid\broker\DtxTimeout.cpp">
      <Filter>Source Files</Filter>
    </ClCompile>
    <ClCompile Include=".\qpid\broker\DtxWorkRecord.cpp">
      <Filter>Source Files</Filter>
    </ClCompile>
    <ClCompile Include=".\qpid\broker\ExchangeRegistry.cpp">
      <Filter>Source Files</Filter>
    </ClCompile>
    <ClCompile Include=".\qpid\broker\FanOutExchange.cpp">
      <Filter>Source Files</Filter>
    </ClCompile>
    <ClCompile Include=".\qpid\broker\HeadersExchange.cpp">
      <Filter>Source Files</Filter>
    </ClCompile>
    <ClCompile Include=".\qpid\broker\IngressCompletion.cpp">
      <Filter>Source Files</Filter>
    </ClCompile>
    <ClCompile Include=".\qpid\broker\Link.cpp">
      <Filter>Source Files</Filter>
    </ClCompile>
    <ClCompile Include=".\qpid\broker\LinkRegistry.cpp">
      <Filter>Source Files</Filter>
    </ClCompile>
    <ClCompile Include=".\qpid\broker\LossyLvq.cpp">
      <Filter>Source Files</Filter>
    </ClCompile>
    <ClCompile Include=".\qpid\broker\LossyQueue.cpp">
      <Filter>Source Files</Filter>
    </ClCompile>
    <ClCompile Include=".\qpid\broker\Lvq.cpp">
      <Filter>Source Files</Filter>
    </ClCompile>
    <ClCompile Include=".\qpid\broker\Message.cpp">
      <Filter>Source Files</Filter>
    </ClCompile>
    <ClCompile Include=".\qpid\broker\MessageAdapter.cpp">
      <Filter>Source Files</Filter>
    </ClCompile>
    <ClCompile Include=".\qpid\broker\MessageBuilder.cpp">
      <Filter>Source Files</Filter>
    </ClCompile>
    <ClCompile Include=".\qpid\broker\MessageStoreModule.cpp">
      <Filter>Source Files</Filter>
    </ClCompile>
    <ClCompile Include=".\qpid\broker\NameGenerator.cpp">
      <Filter>Source Files</Filter>
    </ClCompile>
    <ClCompile Include=".\qpid\broker\NullMessageStore.cpp">
      <Filter>Source Files</Filter>
    </ClCompile>
    <ClCompile Include=".\qpid\broker\PagedQueue.cpp">
      <Filter>Source Files</Filter>
    </ClCompile>
    <ClCompile Include=".\qpid\broker\QueueBindings.cpp">
      <Filter>Source Files</Filter>
    </ClCompile>
    <ClCompile Include=".\qpid\broker\QueuedMessage.cpp">
      <Filter>Source Files</Filter>
    </ClCompile>
    <ClCompile Include=".\qpid\broker\QueueCursor.cpp">
      <Filter>Source Files</Filter>
    </ClCompile>
    <ClCompile Include=".\qpid\broker\QueueDepth.cpp">
      <Filter>Source Files</Filter>
    </ClCompile>
    <ClCompile Include=".\qpid\broker\QueueFactory.cpp">
      <Filter>Source Files</Filter>
    </ClCompile>
    <ClCompile Include=".\qpid\broker\QueueRegistry.cpp">
      <Filter>Source Files</Filter>
    </ClCompile>
    <ClCompile Include=".\qpid\broker\QueueSettings.cpp">
      <Filter>Source Files</Filter>
    </ClCompile>
    <ClCompile Include=".\qpid\broker\QueueFlowLimit.cpp">
      <Filter>Source Files</Filter>
    </ClCompile>
    <ClCompile Include=".\qpid\broker\RecoveryManagerImpl.cpp">
      <Filter>Source Files</Filter>
    </ClCompile>
    <ClCompile Include=".\qpid\broker\RecoveredEnqueue.cpp">
      <Filter>Source Files</Filter>
    </ClCompile>
    <ClCompile Include=".\qpid\broker\RecoveredDequeue.cpp">
      <Filter>Source Files</Filter>
    </ClCompile>
    <ClCompile Include=".\qpid\broker\RetryList.cpp">
      <Filter>Source Files</Filter>
    </ClCompile>
    <ClCompile Include=".\qpid\broker\SecureConnection.cpp">
      <Filter>Source Files</Filter>
    </ClCompile>
    <ClCompile Include=".\qpid\broker\Selector.cpp">
      <Filter>Source Files</Filter>
    </ClCompile>
    <ClCompile Include=".\qpid\broker\SelectorExpression.cpp">
      <Filter>Source Files</Filter>
    </ClCompile>
    <ClCompile Include=".\qpid\broker\SelectorToken.cpp">
      <Filter>Source Files</Filter>
    </ClCompile>
    <ClCompile Include=".\qpid\broker\SelectorValue.cpp">
      <Filter>Source Files</Filter>
    </ClCompile>
    <ClCompile Include=".\qpid\broker\SelfDestructQueue.cpp">
      <Filter>Source Files</Filter>
    </ClCompile>
    <ClCompile Include=".\qpid\broker\SemanticState.cpp">
      <Filter>Source Files</Filter>
    </ClCompile>
    <ClCompile Include=".\qpid\broker\SessionAdapter.cpp">
      <Filter>Source Files</Filter>
    </ClCompile>
    <ClCompile Include=".\qpid\broker\SessionState.cpp">
      <Filter>Source Files</Filter>
    </ClCompile>
    <ClCompile Include=".\qpid\broker\SessionManager.cpp">
      <Filter>Source Files</Filter>
    </ClCompile>
    <ClCompile Include=".\qpid\broker\SessionHandler.cpp">
      <Filter>Source Files</Filter>
    </ClCompile>
    <ClCompile Include=".\qpid\broker\System.cpp">
      <Filter>Source Files</Filter>
    </ClCompile>
    <ClCompile Include=".\qpid\broker\ThresholdAlerts.cpp">
      <Filter>Source Files</Filter>
    </ClCompile>
    <ClCompile Include=".\qpid\broker\TopicExchange.cpp">
      <Filter>Source Files</Filter>
    </ClCompile>
    <ClCompile Include=".\qpid\broker\TxAccept.cpp">
      <Filter>Source Files</Filter>
    </ClCompile>
    <ClCompile Include=".\qpid\broker\TxBuffer.cpp">
      <Filter>Source Files</Filter>
    </ClCompile>
    <ClCompile Include=".\qpid\broker\TxDequeue.cpp">
      <Filter>Source Files</Filter>
    </ClCompile>
    <ClCompile Include=".\qpid\broker\Vhost.cpp">
      <Filter>Source Files</Filter>
    </ClCompile>
    <ClCompile Include=".\qpid\broker\amqp_0_10\MessageTransfer.cpp">
      <Filter>Source Files</Filter>
    </ClCompile>
    <ClCompile Include=".\qpid\management\ManagementAgent.cpp">
      <Filter>Source Files</Filter>
    </ClCompile>
    <ClCompile Include=".\qpid\management\ManagementDirectExchange.cpp">
      <Filter>Source Files</Filter>
    </ClCompile>
    <ClCompile Include=".\qpid\management\ManagementTopicExchange.cpp">
      <Filter>Source Files</Filter>
    </ClCompile>
    <ClCompile Include=".\qpid\sys\SocketTransport.cpp">
      <Filter>Source Files</Filter>
    </ClCompile>
    <ClCompile Include=".\qpid\sys\TCPIOPlugin.cpp">
      <Filter>Source Files</Filter>
    </ClCompile>
  </ItemGroup>
  <ItemGroup>
    <ClInclude Include=".\qpid\acl\Acl.h">
      <Filter>Header Files</Filter>
    </ClInclude>
    <ClInclude Include=".\qpid\acl\AclConnectionCounter.h">
      <Filter>Header Files</Filter>
    </ClInclude>
    <ClInclude Include=".\qpid\acl\AclData.h">
      <Filter>Header Files</Filter>
    </ClInclude>
    <ClInclude Include=".\qpid\acl\AclLexer.h">
      <Filter>Header Files</Filter>
    </ClInclude>
    <ClInclude Include=".\qpid\acl\AclReader.h">
      <Filter>Header Files</Filter>
    </ClInclude>
    <ClInclude Include=".\qpid\acl\AclResourceCounter.h">
      <Filter>Header Files</Filter>
    </ClInclude>
    <ClInclude Include=".\qpid\acl\AclValidator.h">
      <Filter>Header Files</Filter>
    </ClInclude>
    <ClInclude Include=".\qpid\amqp_0_10\Connection.h">
      <Filter>Header Files</Filter>
    </ClInclude>
    <ClInclude Include=".\qpid\broker\AsyncCommandCallback.h">
      <Filter>Header Files</Filter>
    </ClInclude>
    <ClInclude Include=".\qpid\broker\ObjectFactory.h">
      <Filter>Header Files</Filter>
    </ClInclude>
    <ClInclude Include=".\qpid\broker\Selector.h">
      <Filter>Header Files</Filter>
    </ClInclude>
    <ClInclude Include=".\qpid\broker\SelectorExpression.h">
      <Filter>Header Files</Filter>
    </ClInclude>
    <ClInclude Include=".\qpid\broker\SelectorToken.h">
      <Filter>Header Files</Filter>
    </ClInclude>
    <ClInclude Include=".\qpid\broker\SelectorValue.h">
      <Filter>Header Files</Filter>
    </ClInclude>
    <ClInclude Include=".\qpid\broker\SemanticState.h">
      <Filter>Header Files</Filter>
    </ClInclude>
    <ClInclude Include=".\qpid\broker\SessionState.h">
      <Filter>Header Files</Filter>
    </ClInclude>
    <ClInclude Include=".\qpid\broker\SessionManager.h">
      <Filter>Header Files</Filter>
    </ClInclude>
    <ClInclude Include=".\qpid\broker\SessionContext.h">
      <Filter>Header Files</Filter>
    </ClInclude>
    <ClInclude Include=".\qpid\broker\SessionHandler.h">
      <Filter>Header Files</Filter>
    </ClInclude>
    <ClInclude Include=".\qpid\broker\TxDequeue.h">
      <Filter>Header Files</Filter>
    </ClInclude>
  </ItemGroup>
  <ItemGroup>
    <Filter Include="Header Files">
      <UniqueIdentifier>{DD29CA2B-18E8-3D6C-9FBF-922F7EC60AF3}</UniqueIdentifier>
    </Filter>
    <Filter Include="Source Files">
      <UniqueIdentifier>{200479CF-CC1F-3FDD-B530-F3B5336BC87F}</UniqueIdentifier>
    </Filter>
  </ItemGroup>
</Project>