<?xml version="1.0" encoding="utf-8"?>
<Project ToolsVersion="15.0" xmlns="http://schemas.microsoft.com/developer/msbuild/2003">
  <ItemGroup>
    <ClCompile Include=".\windows\QpiddBroker.cpp">
      <Filter>Source Files</Filter>
    </ClCompile>
    <ClCompile Include=".\windows\SCM.cpp">
      <Filter>Source Files</Filter>
    </ClCompile>
    <ClCompile Include=".\qpidd.cpp">
      <Filter>Source Files</Filter>
    </ClCompile>
  </ItemGroup>
  <ItemGroup>
    <ClInclude Include=".\qpidd.h">
      <Filter>Header Files</Filter>
    </ClInclude>
  </ItemGroup>
  <ItemGroup>
    <Filter Include="Header Files">
      <UniqueIdentifier>{DD29CA2B-18E8-3D6C-9FBF-922F7EC60AF3}</UniqueIdentifier>
    </Filter>
    <Filter Include="Source Files">
      <UniqueIdentifier>{200479CF-CC1F-3FDD-B530-F3B5336BC87F}</UniqueIdentifier>
    </Filter>
  </ItemGroup>
</Project>