<?xml version="1.0" encoding="utf-8"?>
<Project ToolsVersion="15.0" xmlns="http://schemas.microsoft.com/developer/msbuild/2003">
  <ItemGroup>
    <ClCompile Include=".\qpid\types\Exception.cpp">
      <Filter>Source Files</Filter>
    </ClCompile>
    <ClCompile Include=".\qpid\types\Uuid.cpp">
      <Filter>Source Files</Filter>
    </ClCompile>
    <ClCompile Include=".\qpid\types\Variant.cpp">
      <Filter>Source Files</Filter>
    </ClCompile>
    <ClCompile Include=".\qpid\sys\windows\uuid.cpp">
      <Filter>Source Files</Filter>
    </ClCompile>
  </ItemGroup>
  <ItemGroup>
    <Filter Include="Source Files">
      <UniqueIdentifier>{200479CF-CC1F-3FDD-B530-F3B5336BC87F}</UniqueIdentifier>
    </Filter>
  </ItemGroup>
</Project>
