<?xml version="1.0" encoding="utf-8"?>
<Project ToolsVersion="15.0" xmlns="http://schemas.microsoft.com/developer/msbuild/2003">
  <ItemGroup>
    <ClCompile Include=".\qpid\client\no_keyword\AsyncSession_0_10.cpp">
      <Filter>Source Files</Filter>
    </ClCompile>
    <ClCompile Include=".\qpid\client\no_keyword\Session_0_10.cpp">
      <Filter>Source Files</Filter>
    </ClCompile>
    <ClCompile Include=".\qpid\client\windows\ClientDllMain.cpp">
      <Filter>Source Files</Filter>
    </ClCompile>
    <ClCompile Include=".\qpid\client\windows\SslConnector.cpp">
      <Filter>Source Files</Filter>
    </ClCompile>
    <ClCompile Include=".\qpid\client\Bounds.cpp">
      <Filter>Source Files</Filter>
    </ClCompile>
    <ClCompile Include=".\qpid\client\Completion.cpp">
      <Filter>Source Files</Filter>
    </ClCompile>
    <ClCompile Include=".\qpid\client\CompletionImpl.cpp">
      <Filter>Source Files</Filter>
    </ClCompile>
    <ClCompile Include=".\qpid\client\Connection.cpp">
      <Filter>Source Files</Filter>
    </ClCompile>
    <ClCompile Include=".\qpid\client\ConnectionHandler.cpp">
      <Filter>Source Files</Filter>
    </ClCompile>
    <ClCompile Include=".\qpid\client\ConnectionImpl.cpp">
      <Filter>Source Files</Filter>
    </ClCompile>
    <ClCompile Include=".\qpid\client\ConnectionSettings.cpp">
      <Filter>Source Files</Filter>
    </ClCompile>
    <ClCompile Include=".\qpid\client\Connector.cpp">
      <Filter>Source Files</Filter>
    </ClCompile>
    <ClCompile Include=".\qpid\client\Demux.cpp">
      <Filter>Source Files</Filter>
    </ClCompile>
    <ClCompile Include=".\qpid\client\Dispatcher.cpp">
      <Filter>Source Files</Filter>
    </ClCompile>
    <ClCompile Include=".\qpid\client\FailoverManager.cpp">
      <Filter>Source Files</Filter>
    </ClCompile>
    <ClCompile Include=".\qpid\client\FailoverListener.cpp">
      <Filter>Source Files</Filter>
    </ClCompile>
    <ClCompile Include=".\qpid\client\Future.cpp">
      <Filter>Source Files</Filter>
    </ClCompile>
    <ClCompile Include=".\qpid\client\FutureCompletion.cpp">
      <Filter>Source Files</Filter>
    </ClCompile>
    <ClCompile Include=".\qpid\client\FutureResult.cpp">
      <Filter>Source Files</Filter>
    </ClCompile>
    <ClCompile Include=".\qpid\client\LoadPlugins.cpp">
      <Filter>Source Files</Filter>
    </ClCompile>
    <ClCompile Include=".\qpid\client\LocalQueue.cpp">
      <Filter>Source Files</Filter>
    </ClCompile>
    <ClCompile Include=".\qpid\client\LocalQueueImpl.cpp">
      <Filter>Source Files</Filter>
    </ClCompile>
    <ClCompile Include=".\qpid\client\Message.cpp">
      <Filter>Source Files</Filter>
    </ClCompile>
    <ClCompile Include=".\qpid\client\MessageImpl.cpp">
      <Filter>Source Files</Filter>
    </ClCompile>
    <ClCompile Include=".\qpid\client\MessageListener.cpp">
      <Filter>Source Files</Filter>
    </ClCompile>
    <ClCompile Include=".\qpid\client\MessageReplayTracker.cpp">
      <Filter>Source Files</Filter>
    </ClCompile>
    <ClCompile Include=".\qpid\client\QueueOptions.cpp">
      <Filter>Source Files</Filter>
    </ClCompile>
    <ClCompile Include=".\qpid\client\Results.cpp">
      <Filter>Source Files</Filter>
    </ClCompile>
    <ClCompile Include=".\qpid\client\SessionBase_0_10.cpp">
      <Filter>Source Files</Filter>
    </ClCompile>
    <ClCompile Include=".\qpid\client\SessionImpl.cpp">
      <Filter>Source Files</Filter>
    </ClCompile>
    <ClCompile Include=".\qpid\client\StateManager.cpp">
      <Filter>Source Files</Filter>
    </ClCompile>
    <ClCompile Include=".\qpid\client\Subscription.cpp">
      <Filter>Source Files</Filter>
    </ClCompile>
    <ClCompile Include=".\qpid\client\SubscriptionImpl.cpp">
      <Filter>Source Files</Filter>
    </ClCompile>
    <ClCompile Include=".\qpid\client\SubscriptionManager.cpp">
      <Filter>Source Files</Filter>
    </ClCompile>
    <ClCompile Include=".\qpid\client\SubscriptionManagerImpl.cpp">
      <Filter>Source Files</Filter>
    </ClCompile>
    <ClCompile Include=".\qpid\client\TCPConnector.cpp">
      <Filter>Source Files</Filter>
    </ClCompile>
  </ItemGroup>
  <ItemGroup>
    <ClInclude Include="..\include\qpid\client\no_keyword\AsyncSession_0_10.h">
      <Filter>Header Files</Filter>
    </ClInclude>
    <ClInclude Include="..\include\qpid\client\no_keyword\Session_0_10.h">
      <Filter>Header Files</Filter>
    </ClInclude>
    <ClInclude Include="..\include\qpid\client\arg.h">
      <Filter>Header Files</Filter>
    </ClInclude>
    <ClInclude Include="..\include\qpid\client\AsyncSession_0_10.h">
      <Filter>Header Files</Filter>
    </ClInclude>
    <ClInclude Include="..\include\qpid\client\Session_0_10.h">
      <Filter>Header Files</Filter>
    </ClInclude>
    <ClInclude Include=".\qpid\client\SessionBase_0_10Access.h">
      <Filter>Header Files</Filter>
    </ClInclude>
    <ClInclude Include=".\qpid\client\ConnectionAccess.h">
      <Filter>Header Files</Filter>
    </ClInclude>
  </ItemGroup>
  <ItemGroup>
    <Filter Include="Header Files">
      <UniqueIdentifier>{DD29CA2B-18E8-3D6C-9FBF-922F7EC60AF3}</UniqueIdentifier>
    </Filter>
    <Filter Include="Source Files">
      <UniqueIdentifier>{200479CF-CC1F-3FDD-B530-F3B5336BC87F}</UniqueIdentifier>
    </Filter>
  </ItemGroup>
</Project>
