Microsoft Visual Studio Solution File, Format Version 12.00
# Visual Studio 15
Project("{8BC9CEB8-8B4A-11D0-8D11-00A0C91BC942}") = "ALL_BUILD", "ALL_BUILD.vcxproj", "{629AB2E9-5A23-33E8-90BE-172ED9EC45BA}"
	ProjectSection(ProjectDependencies) = postProject
		{8ECD8C8E-7C92-37B1-88C9-12DD6E607A0A} = {8ECD8C8E-7C92-37B1-88C9-12DD6E607A0A}
		{D93CE2C8-103A-3D03-9936-904C9EF774F3} = {D93CE2C8-103A-3D03-9936-904C9EF774F3}
	EndProjectSection
EndProject
Project("{8BC9CEB8-8B4A-11D0-8D11-00A0C91BC942}") = "INSTALL", "INSTALL.vcxproj", "{4FFE3FCF-E489-3879-8390-016CE5D813F5}"
	ProjectSection(ProjectDependencies) = postProject
		{629AB2E9-5A23-33E8-90BE-172ED9EC45BA} = {629AB2E9-5A23-33E8-90BE-172ED9EC45BA}
		{8ECD8C8E-7C92-37B1-88C9-12DD6E607A0A} = {8ECD8C8E-7C92-37B1-88C9-12DD6E607A0A}
	EndProjectSection
EndProject
Project("{8BC9CEB8-8B4A-11D0-8D11-00A0C91BC942}") = "PACKAGE", "PACKAGE.vcxproj", "{0EEFB01A-D73C-3DC6-A34D-F979A0693E25}"
	ProjectSection(ProjectDependencies) = postProject
		{629AB2E9-5A23-33E8-90BE-172ED9EC45BA} = {629AB2E9-5A23-33E8-90BE-172ED9EC45BA}
		{8ECD8C8E-7C92-37B1-88C9-12DD6E607A0A} = {8ECD8C8E-7C92-37B1-88C9-12DD6E607A0A}
	EndProjectSection
EndProject
Project("{8BC9CEB8-8B4A-11D0-8D11-00A0C91BC942}") = "RUN_TESTS", "RUN_TESTS.vcxproj", "{7F28DEF5-D778-33CD-B59E-474117B17427}"
	ProjectSection(ProjectDependencies) = postProject
		{8ECD8C8E-7C92-37B1-88C9-12DD6E607A0A} = {8ECD8C8E-7C92-37B1-88C9-12DD6E607A0A}
	EndProjectSection
EndProject
Project("{8BC9CEB8-8B4A-11D0-8D11-00A0C91BC942}") = "ZERO_CHECK", "..\..\..\\ZERO_CHECK.vcxproj", "{8ECD8C8E-7C92-37B1-88C9-12DD6E607A0A}"
	ProjectSection(ProjectDependencies) = postProject
	EndProjectSection
EndProject
Project("{8BC9CEB8-8B4A-11D0-8D11-00A0C91BC942}") = "qpidbroker", "..\..\\qpidbroker.vcxproj", "{A9F27E25-F7DA-3E6E-981B-87A9DDC6943D}"
	ProjectSection(ProjectDependencies) = postProject
		{8ECD8C8E-7C92-37B1-88C9-12DD6E607A0A} = {8ECD8C8E-7C92-37B1-88C9-12DD6E607A0A}
		{770FAD14-E396-3350-BA48-2BF21CDAAA9D} = {770FAD14-E396-3350-BA48-2BF21CDAAA9D}
		{A2D3A57C-A4E1-3690-9351-4AB1D89F0330} = {A2D3A57C-A4E1-3690-9351-4AB1D89F0330}
	EndProjectSection
EndProject
Project("{8BC9CEB8-8B4A-11D0-8D11-00A0C91BC942}") = "qpidcommon", "..\..\\qpidcommon.vcxproj", "{770FAD14-E396-3350-BA48-2BF21CDAAA9D}"
	ProjectSection(ProjectDependencies) = postProject
		{8ECD8C8E-7C92-37B1-88C9-12DD6E607A0A} = {8ECD8C8E-7C92-37B1-88C9-12DD6E607A0A}
		{A2D3A57C-A4E1-3690-9351-4AB1D89F0330} = {A2D3A57C-A4E1-3690-9351-4AB1D89F0330}
	EndProjectSection
EndProject
Project("{8BC9CEB8-8B4A-11D0-8D11-00A0C91BC942}") = "qpidtypes", "..\..\\qpidtypes.vcxproj", "{A2D3A57C-A4E1-3690-9351-4AB1D89F0330}"
	ProjectSection(ProjectDependencies) = postProject
		{8ECD8C8E-7C92-37B1-88C9-12DD6E607A0A} = {8ECD8C8E-7C92-37B1-88C9-12DD6E607A0A}
	EndProjectSection
EndProject
Project("{8BC9CEB8-8B4A-11D0-8D11-00A0C91BC942}") = "store", "store.vcxproj", "{D93CE2C8-103A-3D03-9936-904C9EF774F3}"
	ProjectSection(ProjectDependencies) = postProject
		{8ECD8C8E-7C92-37B1-88C9-12DD6E607A0A} = {8ECD8C8E-7C92-37B1-88C9-12DD6E607A0A}
		{A9F27E25-F7DA-3E6E-981B-87A9DDC6943D} = {A9F27E25-F7DA-3E6E-981B-87A9DDC6943D}
		{770FAD14-E396-3350-BA48-2BF21CDAAA9D} = {770FAD14-E396-3350-BA48-2BF21CDAAA9D}
	EndProjectSection
EndProject
Global
	GlobalSection(SolutionConfigurationPlatforms) = preSolution
		Debug|Win32 = Debug|Win32
		Release|Win32 = Release|Win32
	EndGlobalSection
	GlobalSection(ProjectConfigurationPlatforms) = postSolution
		{629AB2E9-5A23-33E8-90BE-172ED9EC45BA}.Debug|Win32.ActiveCfg = Debug|Win32
		{629AB2E9-5A23-33E8-90BE-172ED9EC45BA}.Debug|Win32.Build.0 = Debug|Win32
		{629AB2E9-5A23-33E8-90BE-172ED9EC45BA}.Release|Win32.ActiveCfg = Release|Win32
		{629AB2E9-5A23-33E8-90BE-172ED9EC45BA}.Release|Win32.Build.0 = Release|Win32
		{4FFE3FCF-E489-3879-8390-016CE5D813F5}.Debug|Win32.ActiveCfg = Debug|Win32
		{4FFE3FCF-E489-3879-8390-016CE5D813F5}.Release|Win32.ActiveCfg = Release|Win32
		{0EEFB01A-D73C-3DC6-A34D-F979A0693E25}.Debug|Win32.ActiveCfg = Debug|Win32
		{0EEFB01A-D73C-3DC6-A34D-F979A0693E25}.Release|Win32.ActiveCfg = Release|Win32
		{7F28DEF5-D778-33CD-B59E-474117B17427}.Debug|Win32.ActiveCfg = Debug|Win32
		{7F28DEF5-D778-33CD-B59E-474117B17427}.Release|Win32.ActiveCfg = Release|Win32
		{8ECD8C8E-7C92-37B1-88C9-12DD6E607A0A}.Debug|Win32.ActiveCfg = Debug|Win32
		{8ECD8C8E-7C92-37B1-88C9-12DD6E607A0A}.Debug|Win32.Build.0 = Debug|Win32
		{8ECD8C8E-7C92-37B1-88C9-12DD6E607A0A}.Release|Win32.ActiveCfg = Release|Win32
		{8ECD8C8E-7C92-37B1-88C9-12DD6E607A0A}.Release|Win32.Build.0 = Release|Win32
		{A9F27E25-F7DA-3E6E-981B-87A9DDC6943D}.Debug|Win32.ActiveCfg = Debug|Win32
		{A9F27E25-F7DA-3E6E-981B-87A9DDC6943D}.Debug|Win32.Build.0 = Debug|Win32
		{A9F27E25-F7DA-3E6E-981B-87A9DDC6943D}.Release|Win32.ActiveCfg = Release|Win32
		{A9F27E25-F7DA-3E6E-981B-87A9DDC6943D}.Release|Win32.Build.0 = Release|Win32
		{770FAD14-E396-3350-BA48-2BF21CDAAA9D}.Debug|Win32.ActiveCfg = Debug|Win32
		{770FAD14-E396-3350-BA48-2BF21CDAAA9D}.Debug|Win32.Build.0 = Debug|Win32
		{770FAD14-E396-3350-BA48-2BF21CDAAA9D}.Release|Win32.ActiveCfg = Release|Win32
		{770FAD14-E396-3350-BA48-2BF21CDAAA9D}.Release|Win32.Build.0 = Release|Win32
		{A2D3A57C-A4E1-3690-9351-4AB1D89F0330}.Debug|Win32.ActiveCfg = Debug|Win32
		{A2D3A57C-A4E1-3690-9351-4AB1D89F0330}.Debug|Win32.Build.0 = Debug|Win32
		{A2D3A57C-A4E1-3690-9351-4AB1D89F0330}.Release|Win32.ActiveCfg = Release|Win32
		{A2D3A57C-A4E1-3690-9351-4AB1D89F0330}.Release|Win32.Build.0 = Release|Win32
		{D93CE2C8-103A-3D03-9936-904C9EF774F3}.Debug|Win32.ActiveCfg = Debug|Win32
		{D93CE2C8-103A-3D03-9936-904C9EF774F3}.Debug|Win32.Build.0 = Debug|Win32
		{D93CE2C8-103A-3D03-9936-904C9EF774F3}.Release|Win32.ActiveCfg = Release|Win32
		{D93CE2C8-103A-3D03-9936-904C9EF774F3}.Release|Win32.Build.0 = Release|Win32
	EndGlobalSection
	GlobalSection(ExtensibilityGlobals) = postSolution
		SolutionGuid = {756B9A0B-E8FA-3C1B-A20E-F3D1AA823F4B}
	EndGlobalSection
	GlobalSection(ExtensibilityAddIns) = postSolution
	EndGlobalSection
EndGlobal
